// !$*UTF8*$!
{
	archiveVersion = 1;
	classes = {
	};
	objectVersion = 55;
	objects = {

/* Begin PBXBuildFile section */
		350E6EF02845491400222361 /* SettingsTableViewController.swift in Sources */ = {isa = PBXBuildFile; fileRef = 350E6EEF2845491400222361 /* SettingsTableViewController.swift */; };
		350E6EF228455C6E00222361 /* NotesTableViewController.swift in Sources */ = {isa = PBXBuildFile; fileRef = 350E6EF128455C6E00222361 /* NotesTableViewController.swift */; };
		350E6EF628455CBC00222361 /* NotesTableViewCell.swift in Sources */ = {isa = PBXBuildFile; fileRef = 350E6EF428455CBC00222361 /* NotesTableViewCell.swift */; };
		350E6EF728455CBC00222361 /* NotesTableViewCell.xib in Resources */ = {isa = PBXBuildFile; fileRef = 350E6EF528455CBC00222361 /* NotesTableViewCell.xib */; };
		3570BA1D2842698200F91FA8 /* AppDelegate.swift in Sources */ = {isa = PBXBuildFile; fileRef = 3570BA1C2842698200F91FA8 /* AppDelegate.swift */; };
		3570BA1F2842698200F91FA8 /* SceneDelegate.swift in Sources */ = {isa = PBXBuildFile; fileRef = 3570BA1E2842698200F91FA8 /* SceneDelegate.swift */; };
		3570BA212842698200F91FA8 /* LoginViewController.swift in Sources */ = {isa = PBXBuildFile; fileRef = 3570BA202842698200F91FA8 /* LoginViewController.swift */; };
		3570BA242842698200F91FA8 /* Main.storyboard in Resources */ = {isa = PBXBuildFile; fileRef = 3570BA222842698200F91FA8 /* Main.storyboard */; };
		3570BA262842698300F91FA8 /* Assets.xcassets in Resources */ = {isa = PBXBuildFile; fileRef = 3570BA252842698300F91FA8 /* Assets.xcassets */; };
		3570BA292842698300F91FA8 /* LaunchScreen.storyboard in Resources */ = {isa = PBXBuildFile; fileRef = 3570BA272842698300F91FA8 /* LaunchScreen.storyboard */; };
		3570BA3128426C5600F91FA8 /* GoogleService-Info.plist in Resources */ = {isa = PBXBuildFile; fileRef = 3570BA3028426C5500F91FA8 /* GoogleService-Info.plist */; };
		3570BA34284275C300F91FA8 /* FCollectionReference.swift in Sources */ = {isa = PBXBuildFile; fileRef = 3570BA33284275C300F91FA8 /* FCollectionReference.swift */; };
		3570BA362842766100F91FA8 /* FirebaseUserListener.swift in Sources */ = {isa = PBXBuildFile; fileRef = 3570BA352842766100F91FA8 /* FirebaseUserListener.swift */; };
		3570BA39284277C200F91FA8 /* User.swift in Sources */ = {isa = PBXBuildFile; fileRef = 3570BA38284277C200F91FA8 /* User.swift */; };
		3570BA3C2842780B00F91FA8 /* Constants.swift in Sources */ = {isa = PBXBuildFile; fileRef = 3570BA3B2842780B00F91FA8 /* Constants.swift */; };
		C5ED3D5D7FC270288681A68B /* Pods_deChatProject.framework in Frameworks */ = {isa = PBXBuildFile; fileRef = 432BBF57CDBA361489E27DE7 /* Pods_deChatProject.framework */; };
/* End PBXBuildFile section */

/* Begin PBXFileReference section */
		350E6EEF2845491400222361 /* SettingsTableViewController.swift */ = {isa = PBXFileReference; lastKnownFileType = sourcecode.swift; path = SettingsTableViewController.swift; sourceTree = "<group>"; };
		350E6EF128455C6E00222361 /* NotesTableViewController.swift */ = {isa = PBXFileReference; lastKnownFileType = sourcecode.swift; path = NotesTableViewController.swift; sourceTree = "<group>"; };
		350E6EF428455CBC00222361 /* NotesTableViewCell.swift */ = {isa = PBXFileReference; lastKnownFileType = sourcecode.swift; path = NotesTableViewCell.swift; sourceTree = "<group>"; };
		350E6EF528455CBC00222361 /* NotesTableViewCell.xib */ = {isa = PBXFileReference; lastKnownFileType = file.xib; path = NotesTableViewCell.xib; sourceTree = "<group>"; };
		3570BA192842698200F91FA8 /* deChatProject.app */ = {isa = PBXFileReference; explicitFileType = wrapper.application; includeInIndex = 0; path = deChatProject.app; sourceTree = BUILT_PRODUCTS_DIR; };
		3570BA1C2842698200F91FA8 /* AppDelegate.swift */ = {isa = PBXFileReference; lastKnownFileType = sourcecode.swift; path = AppDelegate.swift; sourceTree = "<group>"; };
		3570BA1E2842698200F91FA8 /* SceneDelegate.swift */ = {isa = PBXFileReference; lastKnownFileType = sourcecode.swift; path = SceneDelegate.swift; sourceTree = "<group>"; };
		3570BA202842698200F91FA8 /* LoginViewController.swift */ = {isa = PBXFileReference; lastKnownFileType = sourcecode.swift; path = LoginViewController.swift; sourceTree = "<group>"; };
		3570BA232842698200F91FA8 /* Base */ = {isa = PBXFileReference; lastKnownFileType = file.storyboard; name = Base; path = Base.lproj/Main.storyboard; sourceTree = "<group>"; };
		3570BA252842698300F91FA8 /* Assets.xcassets */ = {isa = PBXFileReference; lastKnownFileType = folder.assetcatalog; path = Assets.xcassets; sourceTree = "<group>"; };
		3570BA282842698300F91FA8 /* Base */ = {isa = PBXFileReference; lastKnownFileType = file.storyboard; name = Base; path = Base.lproj/LaunchScreen.storyboard; sourceTree = "<group>"; };
		3570BA2A2842698300F91FA8 /* Info.plist */ = {isa = PBXFileReference; lastKnownFileType = text.plist.xml; path = Info.plist; sourceTree = "<group>"; };
		3570BA3028426C5500F91FA8 /* GoogleService-Info.plist */ = {isa = PBXFileReference; fileEncoding = 4; lastKnownFileType = text.plist.xml; path = "GoogleService-Info.plist"; sourceTree = "<group>"; };
		3570BA33284275C300F91FA8 /* FCollectionReference.swift */ = {isa = PBXFileReference; fileEncoding = 4; lastKnownFileType = sourcecode.swift; path = FCollectionReference.swift; sourceTree = "<group>"; };
		3570BA352842766100F91FA8 /* FirebaseUserListener.swift */ = {isa = PBXFileReference; fileEncoding = 4; lastKnownFileType = sourcecode.swift; path = FirebaseUserListener.swift; sourceTree = "<group>"; };
		3570BA38284277C200F91FA8 /* User.swift */ = {isa = PBXFileReference; fileEncoding = 4; lastKnownFileType = sourcecode.swift; path = User.swift; sourceTree = "<group>"; };
		3570BA3B2842780B00F91FA8 /* Constants.swift */ = {isa = PBXFileReference; fileEncoding = 4; lastKnownFileType = sourcecode.swift; path = Constants.swift; sourceTree = "<group>"; };
		432BBF57CDBA361489E27DE7 /* Pods_deChatProject.framework */ = {isa = PBXFileReference; explicitFileType = wrapper.framework; includeInIndex = 0; path = Pods_deChatProject.framework; sourceTree = BUILT_PRODUCTS_DIR; };
		A624D055C76C893D8B9E3602 /* Pods-deChatProject.debug.xcconfig */ = {isa = PBXFileReference; includeInIndex = 1; lastKnownFileType = text.xcconfig; name = "Pods-deChatProject.debug.xcconfig"; path = "Target Support Files/Pods-deChatProject/Pods-deChatProject.debug.xcconfig"; sourceTree = "<group>"; };
		D33224FEFA9CC596CA0E11F2 /* Pods-deChatProject.release.xcconfig */ = {isa = PBXFileReference; includeInIndex = 1; lastKnownFileType = text.xcconfig; name = "Pods-deChatProject.release.xcconfig"; path = "Target Support Files/Pods-deChatProject/Pods-deChatProject.release.xcconfig"; sourceTree = "<group>"; };
/* End PBXFileReference section */

/* Begin PBXFrameworksBuildPhase section */
		3570BA162842698200F91FA8 /* Frameworks */ = {
			isa = PBXFrameworksBuildPhase;
			buildActionMask = 2147483647;
			files = (
				C5ED3D5D7FC270288681A68B /* Pods_deChatProject.framework in Frameworks */,
			);
			runOnlyForDeploymentPostprocessing = 0;
		};
/* End PBXFrameworksBuildPhase section */

/* Begin PBXGroup section */
		350E6EF328455C9900222361 /* Notes */ = {
			isa = PBXGroup;
			children = (
				350E6EF828455CC600222361 /* Cell */,
				350E6EF128455C6E00222361 /* NotesTableViewController.swift */,
			);
			path = Notes;
			sourceTree = "<group>";
		};
		350E6EF828455CC600222361 /* Cell */ = {
			isa = PBXGroup;
			children = (
				350E6EF428455CBC00222361 /* NotesTableViewCell.swift */,
				350E6EF528455CBC00222361 /* NotesTableViewCell.xib */,
			);
			path = Cell;
			sourceTree = "<group>";
		};
		3570BA102842698200F91FA8 = {
			isa = PBXGroup;
			children = (
				3570BA1B2842698200F91FA8 /* deChatProject */,
				3570BA1A2842698200F91FA8 /* Products */,
				F180CA34874FB38EBD7E163A /* Pods */,
				C872B624759730BD7D2053C9 /* Frameworks */,
			);
			sourceTree = "<group>";
		};
		3570BA1A2842698200F91FA8 /* Products */ = {
			isa = PBXGroup;
			children = (
				3570BA192842698200F91FA8 /* deChatProject.app */,
			);
			name = Products;
			sourceTree = "<group>";
		};
		3570BA1B2842698200F91FA8 /* deChatProject */ = {
			isa = PBXGroup;
			children = (
				3570BA3A2842780100F91FA8 /* Helpers */,
				3570BA37284277B800F91FA8 /* Model */,
				3570BA32284275AF00F91FA8 /* FirebaseHelpers */,
				350E6EF328455C9900222361 /* Notes */,
				3570BA1C2842698200F91FA8 /* AppDelegate.swift */,
				3570BA1E2842698200F91FA8 /* SceneDelegate.swift */,
				3570BA202842698200F91FA8 /* LoginViewController.swift */,
				350E6EEF2845491400222361 /* SettingsTableViewController.swift */,
				3570BA222842698200F91FA8 /* Main.storyboard */,
				3570BA252842698300F91FA8 /* Assets.xcassets */,
				3570BA272842698300F91FA8 /* LaunchScreen.storyboard */,
				3570BA2A2842698300F91FA8 /* Info.plist */,
				3570BA3028426C5500F91FA8 /* GoogleService-Info.plist */,
			);
			path = deChatProject;
			sourceTree = "<group>";
		};
		3570BA32284275AF00F91FA8 /* FirebaseHelpers */ = {
			isa = PBXGroup;
			children = (
				3570BA352842766100F91FA8 /* FirebaseUserListener.swift */,
				3570BA33284275C300F91FA8 /* FCollectionReference.swift */,
			);
			path = FirebaseHelpers;
			sourceTree = "<group>";
		};
		3570BA37284277B800F91FA8 /* Model */ = {
			isa = PBXGroup;
			children = (
				3570BA38284277C200F91FA8 /* User.swift */,
			);
			path = Model;
			sourceTree = "<group>";
		};
		3570BA3A2842780100F91FA8 /* Helpers */ = {
			isa = PBXGroup;
			children = (
				3570BA3B2842780B00F91FA8 /* Constants.swift */,
			);
			path = Helpers;
			sourceTree = "<group>";
		};
		C872B624759730BD7D2053C9 /* Frameworks */ = {
			isa = PBXGroup;
			children = (
				432BBF57CDBA361489E27DE7 /* Pods_deChatProject.framework */,
			);
			name = Frameworks;
			sourceTree = "<group>";
		};
		F180CA34874FB38EBD7E163A /* Pods */ = {
			isa = PBXGroup;
			children = (
				A624D055C76C893D8B9E3602 /* Pods-deChatProject.debug.xcconfig */,
				D33224FEFA9CC596CA0E11F2 /* Pods-deChatProject.release.xcconfig */,
			);
			path = Pods;
			sourceTree = "<group>";
		};
/* End PBXGroup section */

/* Begin PBXNativeTarget section */
		3570BA182842698200F91FA8 /* deChatProject */ = {
			isa = PBXNativeTarget;
			buildConfigurationList = 3570BA2D2842698300F91FA8 /* Build configuration list for PBXNativeTarget "deChatProject" */;
			buildPhases = (
				7754E6B088A20FDD8AB9498B /* [CP] Check Pods Manifest.lock */,
				3570BA152842698200F91FA8 /* Sources */,
				3570BA162842698200F91FA8 /* Frameworks */,
				3570BA172842698200F91FA8 /* Resources */,
				2D47E7A6BD3F4320EC636131 /* [CP] Embed Pods Frameworks */,
			);
			buildRules = (
			);
			dependencies = (
			);
			name = deChatProject;
			productName = deChatProject;
			productReference = 3570BA192842698200F91FA8 /* deChatProject.app */;
			productType = "com.apple.product-type.application";
		};
/* End PBXNativeTarget section */

/* Begin PBXProject section */
		3570BA112842698200F91FA8 /* Project object */ = {
			isa = PBXProject;
			attributes = {
				BuildIndependentTargetsInParallel = 1;
				LastSwiftUpdateCheck = 1340;
				LastUpgradeCheck = 1340;
				TargetAttributes = {
					3570BA182842698200F91FA8 = {
						CreatedOnToolsVersion = 13.4;
					};
				};
			};
			buildConfigurationList = 3570BA142842698200F91FA8 /* Build configuration list for PBXProject "deChatProject" */;
			compatibilityVersion = "Xcode 13.0";
			developmentRegion = en;
			hasScannedForEncodings = 0;
			knownRegions = (
				en,
				Base,
			);
			mainGroup = 3570BA102842698200F91FA8;
			productRefGroup = 3570BA1A2842698200F91FA8 /* Products */;
			projectDirPath = "";
			projectRoot = "";
			targets = (
				3570BA182842698200F91FA8 /* deChatProject */,
			);
		};
/* End PBXProject section */

/* Begin PBXResourcesBuildPhase section */
		3570BA172842698200F91FA8 /* Resources */ = {
			isa = PBXResourcesBuildPhase;
			buildActionMask = 2147483647;
			files = (
				350E6EF728455CBC00222361 /* NotesTableViewCell.xib in Resources */,
				3570BA292842698300F91FA8 /* LaunchScreen.storyboard in Resources */,
				3570BA3128426C5600F91FA8 /* GoogleService-Info.plist in Resources */,
				3570BA262842698300F91FA8 /* Assets.xcassets in Resources */,
				3570BA242842698200F91FA8 /* Main.storyboard in Resources */,
			);
			runOnlyForDeploymentPostprocessing = 0;
		};
/* End PBXResourcesBuildPhase section */

/* Begin PBXShellScriptBuildPhase section */
		2D47E7A6BD3F4320EC636131 /* [CP] Embed Pods Frameworks */ = {
			isa = PBXShellScriptBuildPhase;
			buildActionMask = 2147483647;
			files = (
			);
			inputFileListPaths = (
				"${PODS_ROOT}/Target Support Files/Pods-deChatProject/Pods-deChatProject-frameworks-${CONFIGURATION}-input-files.xcfilelist",
			);
			name = "[CP] Embed Pods Frameworks";
			outputFileListPaths = (
				"${PODS_ROOT}/Target Support Files/Pods-deChatProject/Pods-deChatProject-frameworks-${CONFIGURATION}-output-files.xcfilelist",
			);
			runOnlyForDeploymentPostprocessing = 0;
			shellPath = /bin/sh;
			shellScript = "\"${PODS_ROOT}/Target Support Files/Pods-deChatProject/Pods-deChatProject-frameworks.sh\"\n";
			showEnvVarsInLog = 0;
		};
		7754E6B088A20FDD8AB9498B /* [CP] Check Pods Manifest.lock */ = {
			isa = PBXShellScriptBuildPhase;
			buildActionMask = 2147483647;
			files = (
			);
			inputFileListPaths = (
			);
			inputPaths = (
				"${PODS_PODFILE_DIR_PATH}/Podfile.lock",
				"${PODS_ROOT}/Manifest.lock",
			);
			name = "[CP] Check Pods Manifest.lock";
			outputFileListPaths = (
			);
			outputPaths = (
				"$(DERIVED_FILE_DIR)/Pods-deChatProject-checkManifestLockResult.txt",
			);
			runOnlyForDeploymentPostprocessing = 0;
			shellPath = /bin/sh;
			shellScript = "diff \"${PODS_PODFILE_DIR_PATH}/Podfile.lock\" \"${PODS_ROOT}/Manifest.lock\" > /dev/null\nif [ $? != 0 ] ; then\n    # print error to STDERR\n    echo \"error: The sandbox is not in sync with the Podfile.lock. Run 'pod install' or update your CocoaPods installation.\" >&2\n    exit 1\nfi\n# This output is used by Xcode 'outputs' to avoid re-running this script phase.\necho \"SUCCESS\" > \"${SCRIPT_OUTPUT_FILE_0}\"\n";
			showEnvVarsInLog = 0;
		};
/* End PBXShellScriptBuildPhase section */

/* Begin PBXSourcesBuildPhase section */
		3570BA152842698200F91FA8 /* Sources */ = {
			isa = PBXSourcesBuildPhase;
			buildActionMask = 2147483647;
			files = (
				3570BA212842698200F91FA8 /* LoginViewController.swift in Sources */,
				3570BA1D2842698200F91FA8 /* AppDelegate.swift in Sources */,
				350E6EF228455C6E00222361 /* NotesTableViewController.swift in Sources */,
				3570BA39284277C200F91FA8 /* User.swift in Sources */,
				3570BA34284275C300F91FA8 /* FCollectionReference.swift in Sources */,
				350E6EF02845491400222361 /* SettingsTableViewController.swift in Sources */,
				3570BA3C2842780B00F91FA8 /* Constants.swift in Sources */,
				350E6EF628455CBC00222361 /* NotesTableViewCell.swift in Sources */,
				3570BA1F2842698200F91FA8 /* SceneDelegate.swift in Sources */,
				3570BA362842766100F91FA8 /* FirebaseUserListener.swift in Sources */,
			);
			runOnlyForDeploymentPostprocessing = 0;
		};
/* End PBXSourcesBuildPhase section */

/* Begin PBXVariantGroup section */
		3570BA222842698200F91FA8 /* Main.storyboard */ = {
			isa = PBXVariantGroup;
			children = (
				3570BA232842698200F91FA8 /* Base */,
			);
			name = Main.storyboard;
			sourceTree = "<group>";
		};
		3570BA272842698300F91FA8 /* LaunchScreen.storyboard */ = {
			isa = PBXVariantGroup;
			children = (
				3570BA282842698300F91FA8 /* Base */,
			);
			name = LaunchScreen.storyboard;
			sourceTree = "<group>";
		};
/* End PBXVariantGroup section */

/* Begin XCBuildConfiguration section */
		3570BA2B2842698300F91FA8 /* Debug */ = {
			isa = XCBuildConfiguration;
			buildSettings = {
				ALWAYS_SEARCH_USER_PATHS = NO;
				CLANG_ANALYZER_NONNULL = YES;
				CLANG_ANALYZER_NUMBER_OBJECT_CONVERSION = YES_AGGRESSIVE;
				CLANG_CXX_LANGUAGE_STANDARD = "gnu++17";
				CLANG_ENABLE_MODULES = YES;
				CLANG_ENABLE_OBJC_ARC = YES;
				CLANG_ENABLE_OBJC_WEAK = YES;
				CLANG_WARN_BLOCK_CAPTURE_AUTORELEASING = YES;
				CLANG_WARN_BOOL_CONVERSION = YES;
				CLANG_WARN_COMMA = YES;
				CLANG_WARN_CONSTANT_CONVERSION = YES;
				CLANG_WARN_DEPRECATED_OBJC_IMPLEMENTATIONS = YES;
				CLANG_WARN_DIRECT_OBJC_ISA_USAGE = YES_ERROR;
				CLANG_WARN_DOCUMENTATION_COMMENTS = YES;
				CLANG_WARN_EMPTY_BODY = YES;
				CLANG_WARN_ENUM_CONVERSION = YES;
				CLANG_WARN_INFINITE_RECURSION = YES;
				CLANG_WARN_INT_CONVERSION = YES;
				CLANG_WARN_NON_LITERAL_NULL_CONVERSION = YES;
				CLANG_WARN_OBJC_IMPLICIT_RETAIN_SELF = YES;
				CLANG_WARN_OBJC_LITERAL_CONVERSION = YES;
				CLANG_WARN_OBJC_ROOT_CLASS = YES_ERROR;
				CLANG_WARN_QUOTED_INCLUDE_IN_FRAMEWORK_HEADER = YES;
				CLANG_WARN_RANGE_LOOP_ANALYSIS = YES;
				CLANG_WARN_STRICT_PROTOTYPES = YES;
				CLANG_WARN_SUSPICIOUS_MOVE = YES;
				CLANG_WARN_UNGUARDED_AVAILABILITY = YES_AGGRESSIVE;
				CLANG_WARN_UNREACHABLE_CODE = YES;
				CLANG_WARN__DUPLICATE_METHOD_MATCH = YES;
				COPY_PHASE_STRIP = NO;
				DEBUG_INFORMATION_FORMAT = dwarf;
				ENABLE_STRICT_OBJC_MSGSEND = YES;
				ENABLE_TESTABILITY = YES;
				GCC_C_LANGUAGE_STANDARD = gnu11;
				GCC_DYNAMIC_NO_PIC = NO;
				GCC_NO_COMMON_BLOCKS = YES;
				GCC_OPTIMIZATION_LEVEL = 0;
				GCC_PREPROCESSOR_DEFINITIONS = (
					"DEBUG=1",
					"$(inherited)",
				);
				GCC_WARN_64_TO_32_BIT_CONVERSION = YES;
				GCC_WARN_ABOUT_RETURN_TYPE = YES_ERROR;
				GCC_WARN_UNDECLARED_SELECTOR = YES;
				GCC_WARN_UNINITIALIZED_AUTOS = YES_AGGRESSIVE;
				GCC_WARN_UNUSED_FUNCTION = YES;
				GCC_WARN_UNUSED_VARIABLE = YES;
				IPHONEOS_DEPLOYMENT_TARGET = 15.5;
				MTL_ENABLE_DEBUG_INFO = INCLUDE_SOURCE;
				MTL_FAST_MATH = YES;
				ONLY_ACTIVE_ARCH = YES;
				SDKROOT = iphoneos;
				SWIFT_ACTIVE_COMPILATION_CONDITIONS = DEBUG;
				SWIFT_OPTIMIZATION_LEVEL = "-Onone";
			};
			name = Debug;
		};
		3570BA2C2842698300F91FA8 /* Release */ = {
			isa = XCBuildConfiguration;
			buildSettings = {
				ALWAYS_SEARCH_USER_PATHS = NO;
				CLANG_ANALYZER_NONNULL = YES;
				CLANG_ANALYZER_NUMBER_OBJECT_CONVERSION = YES_AGGRESSIVE;
				CLANG_CXX_LANGUAGE_STANDARD = "gnu++17";
				CLANG_ENABLE_MODULES = YES;
				CLANG_ENABLE_OBJC_ARC = YES;
				CLANG_ENABLE_OBJC_WEAK = YES;
				CLANG_WARN_BLOCK_CAPTURE_AUTORELEASING = YES;
				CLANG_WARN_BOOL_CONVERSION = YES;
				CLANG_WARN_COMMA = YES;
				CLANG_WARN_CONSTANT_CONVERSION = YES;
				CLANG_WARN_DEPRECATED_OBJC_IMPLEMENTATIONS = YES;
				CLANG_WARN_DIRECT_OBJC_ISA_USAGE = YES_ERROR;
				CLANG_WARN_DOCUMENTATION_COMMENTS = YES;
				CLANG_WARN_EMPTY_BODY = YES;
				CLANG_WARN_ENUM_CONVERSION = YES;
				CLANG_WARN_INFINITE_RECURSION = YES;
				CLANG_WARN_INT_CONVERSION = YES;
				CLANG_WARN_NON_LITERAL_NULL_CONVERSION = YES;
				CLANG_WARN_OBJC_IMPLICIT_RETAIN_SELF = YES;
				CLANG_WARN_OBJC_LITERAL_CONVERSION = YES;
				CLANG_WARN_OBJC_ROOT_CLASS = YES_ERROR;
				CLANG_WARN_QUOTED_INCLUDE_IN_FRAMEWORK_HEADER = YES;
				CLANG_WARN_RANGE_LOOP_ANALYSIS = YES;
				CLANG_WARN_STRICT_PROTOTYPES = YES;
				CLANG_WARN_SUSPICIOUS_MOVE = YES;
				CLANG_WARN_UNGUARDED_AVAILABILITY = YES_AGGRESSIVE;
				CLANG_WARN_UNREACHABLE_CODE = YES;
				CLANG_WARN__DUPLICATE_METHOD_MATCH = YES;
				COPY_PHASE_STRIP = NO;
				DEBUG_INFORMATION_FORMAT = "dwarf-with-dsym";
				ENABLE_NS_ASSERTIONS = NO;
				ENABLE_STRICT_OBJC_MSGSEND = YES;
				GCC_C_LANGUAGE_STANDARD = gnu11;
				GCC_NO_COMMON_BLOCKS = YES;
				GCC_WARN_64_TO_32_BIT_CONVERSION = YES;
				GCC_WARN_ABOUT_RETURN_TYPE = YES_ERROR;
				GCC_WARN_UNDECLARED_SELECTOR = YES;
				GCC_WARN_UNINITIALIZED_AUTOS = YES_AGGRESSIVE;
				GCC_WARN_UNUSED_FUNCTION = YES;
				GCC_WARN_UNUSED_VARIABLE = YES;
				IPHONEOS_DEPLOYMENT_TARGET = 15.5;
				MTL_ENABLE_DEBUG_INFO = NO;
				MTL_FAST_MATH = YES;
				SDKROOT = iphoneos;
				SWIFT_COMPILATION_MODE = wholemodule;
				SWIFT_OPTIMIZATION_LEVEL = "-O";
				VALIDATE_PRODUCT = YES;
			};
			name = Release;
		};
		3570BA2E2842698300F91FA8 /* Debug */ = {
			isa = XCBuildConfiguration;
			baseConfigurationReference = A624D055C76C893D8B9E3602 /* Pods-deChatProject.debug.xcconfig */;
			buildSettings = {
				ASSETCATALOG_COMPILER_APPICON_NAME = AppIcon;
				ASSETCATALOG_COMPILER_GLOBAL_ACCENT_COLOR_NAME = AccentColor;
				CODE_SIGN_STYLE = Automatic;
				CURRENT_PROJECT_VERSION = 1;
				DEVELOPMENT_TEAM = S2AWW5LH93;
				GENERATE_INFOPLIST_FILE = YES;
				INFOPLIST_FILE = deChatProject/Info.plist;
				INFOPLIST_KEY_UIApplicationSupportsIndirectInputEvents = YES;
				INFOPLIST_KEY_UILaunchStoryboardName = LaunchScreen;
				INFOPLIST_KEY_UIMainStoryboardFile = Main;
				INFOPLIST_KEY_UISupportedInterfaceOrientations_iPad = "UIInterfaceOrientationPortrait UIInterfaceOrientationPortraitUpsideDown UIInterfaceOrientationLandscapeLeft UIInterfaceOrientationLandscapeRight";
				INFOPLIST_KEY_UISupportedInterfaceOrientations_iPhone = "UIInterfaceOrientationPortrait UIInterfaceOrientationLandscapeLeft UIInterfaceOrientationLandscapeRight";
				LD_RUNPATH_SEARCH_PATHS = (
					"$(inherited)",
					"@executable_path/Frameworks",
				);
				MARKETING_VERSION = 1.0;
				PRODUCT_BUNDLE_IDENTIFIER = com.mdusa.deChatProject;
				PRODUCT_NAME = "$(TARGET_NAME)";
				SWIFT_EMIT_LOC_STRINGS = YES;
				SWIFT_VERSION = 5.0;
				TARGETED_DEVICE_FAMILY = "1,2";
			};
			name = Debug;
		};
		3570BA2F2842698300F91FA8 /* Release */ = {
			isa = XCBuildConfiguration;
			baseConfigurationReference = D33224FEFA9CC596CA0E11F2 /* Pods-deChatProject.release.xcconfig */;
			buildSettings = {
				ASSETCATALOG_COMPILER_APPICON_NAME = AppIcon;
				ASSETCATALOG_COMPILER_GLOBAL_ACCENT_COLOR_NAME = AccentColor;
				CODE_SIGN_STYLE = Automatic;
				CURRENT_PROJECT_VERSION = 1;
				DEVELOPMENT_TEAM = S2AWW5LH93;
				GENERATE_INFOPLIST_FILE = YES;
				INFOPLIST_FILE = deChatProject/Info.plist;
				INFOPLIST_KEY_UIApplicationSupportsIndirectInputEvents = YES;
				INFOPLIST_KEY_UILaunchStoryboardName = LaunchScreen;
				INFOPLIST_KEY_UIMainStoryboardFile = Main;
				INFOPLIST_KEY_UISupportedInterfaceOrientations_iPad = "UIInterfaceOrientationPortrait UIInterfaceOrientationPortraitUpsideDown UIInterfaceOrientationLandscapeLeft UIInterfaceOrientationLandscapeRight";
				INFOPLIST_KEY_UISupportedInterfaceOrientations_iPhone = "UIInterfaceOrientationPortrait UIInterfaceOrientationLandscapeLeft UIInterfaceOrientationLandscapeRight";
				LD_RUNPATH_SEARCH_PATHS = (
					"$(inherited)",
					"@executable_path/Frameworks",
				);
				MARKETING_VERSION = 1.0;
				PRODUCT_BUNDLE_IDENTIFIER = com.mdusa.deChatProject;
				PRODUCT_NAME = "$(TARGET_NAME)";
				SWIFT_EMIT_LOC_STRINGS = YES;
				SWIFT_VERSION = 5.0;
				TARGETED_DEVICE_FAMILY = "1,2";
			};
			name = Release;
		};
/* End XCBuildConfiguration section */

/* Begin XCConfigurationList section */
		3570BA142842698200F91FA8 /* Build configuration list for PBXProject "deChatProject" */ = {
			isa = XCConfigurationList;
			buildConfigurations = (
				3570BA2B2842698300F91FA8 /* Debug */,
				3570BA2C2842698300F91FA8 /* Release */,
			);
			defaultConfigurationIsVisible = 0;
			defaultConfigurationName = Release;
		};
		3570BA2D2842698300F91FA8 /* Build configuration list for PBXNativeTarget "deChatProject" */ = {
			isa = XCConfigurationList;
			buildConfigurations = (
				3570BA2E2842698300F91FA8 /* Debug */,
				3570BA2F2842698300F91FA8 /* Release */,
			);
			defaultConfigurationIsVisible = 0;
			defaultConfigurationName = Release;
		};
/* End XCConfigurationList section */
	};
	rootObject = 3570BA112842698200F91FA8 /* Project object */;
}
