// !$*UTF8*$!
{
	archiveVersion = 1;
	classes = {
	};
	objectVersion = 55;
	objects = {

/* Begin PBXBuildFile section */
		350E6EF02845491400222361 /* SettingsTableViewController.swift in Sources */ = {isa = PBXBuildFile; fileRef = 350E6EEF2845491400222361 /* SettingsTableViewController.swift */; };
		350E6EF228455C6E00222361 /* NotesTableViewController.swift in Sources */ = {isa = PBXBuildFile; fileRef = 350E6EF128455C6E00222361 /* NotesTableViewController.swift */; };
		350E6EF628455CBC00222361 /* NotesTableViewCell.swift in Sources */ = {isa = PBXBuildFile; fileRef = 350E6EF428455CBC00222361 /* NotesTableViewCell.swift */; };
		350E6EF728455CBC00222361 /* NotesTableViewCell.xib in Resources */ = {isa = PBXBuildFile; fileRef = 350E6EF528455CBC00222361 /* NotesTableViewCell.xib */; };
		353826F42851FD770050AD13 /* VideoMS.swift in Sources */ = {isa = PBXBuildFile; fileRef = 353826F32851FD770050AD13 /* VideoMS.swift */; };
		353826F628521F1C0050AD13 /* LocationManager.swift in Sources */ = {isa = PBXBuildFile; fileRef = 353826F528521F1C0050AD13 /* LocationManager.swift */; };
		353826F8285229890050AD13 /* LocationMS.swift in Sources */ = {isa = PBXBuildFile; fileRef = 353826F7285229890050AD13 /* LocationMS.swift */; };
		353826FA28522D0F0050AD13 /* MapViewController.swift in Sources */ = {isa = PBXBuildFile; fileRef = 353826F928522D0F0050AD13 /* MapViewController.swift */; };
		353826FC285230C10050AD13 /* MapAnnotation.swift in Sources */ = {isa = PBXBuildFile; fileRef = 353826FB285230C10050AD13 /* MapAnnotation.swift */; };
		353826FE28523AE20050AD13 /* AudioRecorder.swift in Sources */ = {isa = PBXBuildFile; fileRef = 353826FD28523AE20050AD13 /* AudioRecorder.swift */; };
		35382700285245150050AD13 /* AudioMS.swift in Sources */ = {isa = PBXBuildFile; fileRef = 353826FF285245150050AD13 /* AudioMS.swift */; };
		3558E6142848CD5000302625 /* ProfileTableViewController.swift in Sources */ = {isa = PBXBuildFile; fileRef = 3558E6132848CD5000302625 /* ProfileTableViewController.swift */; };
		3558E6172848E1A400302625 /* RecentChat.swift in Sources */ = {isa = PBXBuildFile; fileRef = 3558E6162848E1A400302625 /* RecentChat.swift */; };
		3558E6192848EAC000302625 /* RecentTableViewCell.swift in Sources */ = {isa = PBXBuildFile; fileRef = 3558E6182848EAC000302625 /* RecentTableViewCell.swift */; };
		3558E61B2848F76600302625 /* StartChat.swift in Sources */ = {isa = PBXBuildFile; fileRef = 3558E61A2848F76600302625 /* StartChat.swift */; };
		3558E61D2848FFB400302625 /* FirebaseRecentListener.swift in Sources */ = {isa = PBXBuildFile; fileRef = 3558E61C2848FFB400302625 /* FirebaseRecentListener.swift */; };
		3558E61F284912B600302625 /* ChatsTableViewController.swift in Sources */ = {isa = PBXBuildFile; fileRef = 3558E61E284912B600302625 /* ChatsTableViewController.swift */; };
		356A69132850FA2800E6A3D4 /* PhotoMS.swift in Sources */ = {isa = PBXBuildFile; fileRef = 356A69122850FA2800E6A3D4 /* PhotoMS.swift */; };
		357026B32854B846002464A0 /* ChannelDetailTableViewController.swift in Sources */ = {isa = PBXBuildFile; fileRef = 357026B22854B846002464A0 /* ChannelDetailTableViewController.swift */; };
		3570BA1D2842698200F91FA8 /* AppDelegate.swift in Sources */ = {isa = PBXBuildFile; fileRef = 3570BA1C2842698200F91FA8 /* AppDelegate.swift */; };
		3570BA1F2842698200F91FA8 /* SceneDelegate.swift in Sources */ = {isa = PBXBuildFile; fileRef = 3570BA1E2842698200F91FA8 /* SceneDelegate.swift */; };
		3570BA212842698200F91FA8 /* LoginViewController.swift in Sources */ = {isa = PBXBuildFile; fileRef = 3570BA202842698200F91FA8 /* LoginViewController.swift */; };
		3570BA242842698200F91FA8 /* Main.storyboard in Resources */ = {isa = PBXBuildFile; fileRef = 3570BA222842698200F91FA8 /* Main.storyboard */; };
		3570BA262842698300F91FA8 /* Assets.xcassets in Resources */ = {isa = PBXBuildFile; fileRef = 3570BA252842698300F91FA8 /* Assets.xcassets */; };
		3570BA292842698300F91FA8 /* LaunchScreen.storyboard in Resources */ = {isa = PBXBuildFile; fileRef = 3570BA272842698300F91FA8 /* LaunchScreen.storyboard */; };
		3570BA3128426C5600F91FA8 /* GoogleService-Info.plist in Resources */ = {isa = PBXBuildFile; fileRef = 3570BA3028426C5500F91FA8 /* GoogleService-Info.plist */; };
		3570BA34284275C300F91FA8 /* FCollectionReference.swift in Sources */ = {isa = PBXBuildFile; fileRef = 3570BA33284275C300F91FA8 /* FCollectionReference.swift */; };
		3570BA362842766100F91FA8 /* FirebaseUserListener.swift in Sources */ = {isa = PBXBuildFile; fileRef = 3570BA352842766100F91FA8 /* FirebaseUserListener.swift */; };
		3570BA39284277C200F91FA8 /* User.swift in Sources */ = {isa = PBXBuildFile; fileRef = 3570BA38284277C200F91FA8 /* User.swift */; };
		3570BA3C2842780B00F91FA8 /* Constants.swift in Sources */ = {isa = PBXBuildFile; fileRef = 3570BA3B2842780B00F91FA8 /* Constants.swift */; };
		358C1D57284F81CD0086FA52 /* FirebaseTypingListener.swift in Sources */ = {isa = PBXBuildFile; fileRef = 358C1D56284F81CD0086FA52 /* FirebaseTypingListener.swift */; };
		35B02364285317D40044A075 /* BasicAudioController.swift in Sources */ = {isa = PBXBuildFile; fileRef = 35B02363285317D40044A075 /* BasicAudioController.swift */; };
		35B0236628534C950044A075 /* ChannelsTableViewController.swift in Sources */ = {isa = PBXBuildFile; fileRef = 35B0236528534C950044A075 /* ChannelsTableViewController.swift */; };
		35B0236828534EF40044A075 /* Channel.swift in Sources */ = {isa = PBXBuildFile; fileRef = 35B0236728534EF40044A075 /* Channel.swift */; };
		35B0236A2853530A0044A075 /* ChannelTableViewCell.swift in Sources */ = {isa = PBXBuildFile; fileRef = 35B023692853530A0044A075 /* ChannelTableViewCell.swift */; };
		35B0236C28535F4B0044A075 /* MyChannelsTableViewController.swift in Sources */ = {isa = PBXBuildFile; fileRef = 35B0236B28535F4A0044A075 /* MyChannelsTableViewController.swift */; };
		35B0236E28535F9D0044A075 /* AddChannelTableViewController.swift in Sources */ = {isa = PBXBuildFile; fileRef = 35B0236D28535F9D0044A075 /* AddChannelTableViewController.swift */; };
		35B0237028536B0C0044A075 /* FirebaseChannelListener.swift in Sources */ = {isa = PBXBuildFile; fileRef = 35B0236F28536B0C0044A075 /* FirebaseChannelListener.swift */; };
		35C50BBF2854D23A008ADB90 /* ChannelChatViewController.swift in Sources */ = {isa = PBXBuildFile; fileRef = 35C50BBE2854D23A008ADB90 /* ChannelChatViewController.swift */; };
		35C9662C284DF217006B022E /* MessageDataSource.swift in Sources */ = {isa = PBXBuildFile; fileRef = 35C9662B284DF217006B022E /* MessageDataSource.swift */; };
		35C96653284DF242006B022E /* MessageCellDelegate.swift in Sources */ = {isa = PBXBuildFile; fileRef = 35C96652284DF242006B022E /* MessageCellDelegate.swift */; };
		35C96655284DF256006B022E /* MessageDisplayDelegate.swift in Sources */ = {isa = PBXBuildFile; fileRef = 35C96654284DF256006B022E /* MessageDisplayDelegate.swift */; };
		35C96657284DF374006B022E /* MessageLayoutDelegate.swift in Sources */ = {isa = PBXBuildFile; fileRef = 35C96656284DF374006B022E /* MessageLayoutDelegate.swift */; };
		35C96659284DF389006B022E /* InputBarViewDelegate.swift in Sources */ = {isa = PBXBuildFile; fileRef = 35C96658284DF389006B022E /* InputBarViewDelegate.swift */; };
		35C9665B284DF854006B022E /* MessageDef.swift in Sources */ = {isa = PBXBuildFile; fileRef = 35C9665A284DF854006B022E /* MessageDef.swift */; };
		35C9665F284DFB11006B022E /* MKMessage.swift in Sources */ = {isa = PBXBuildFile; fileRef = 35C9665E284DFB11006B022E /* MKMessage.swift */; };
		35C96661284E01C5006B022E /* Message.swift in Sources */ = {isa = PBXBuildFile; fileRef = 35C96660284E01C5006B022E /* Message.swift */; };
		35C96664284E1239006B022E /* RealmManager.swift in Sources */ = {isa = PBXBuildFile; fileRef = 35C96663284E1239006B022E /* RealmManager.swift */; };
		35C96666284E17F1006B022E /* OutgoingMessage.swift in Sources */ = {isa = PBXBuildFile; fileRef = 35C96665284E17F1006B022E /* OutgoingMessage.swift */; };
		35C96668284E2F06006B022E /* FirebaseMessageListener.swift in Sources */ = {isa = PBXBuildFile; fileRef = 35C96667284E2F06006B022E /* FirebaseMessageListener.swift */; };
		35C9666A284E456B006B022E /* IncomingMessage.swift in Sources */ = {isa = PBXBuildFile; fileRef = 35C96669284E456B006B022E /* IncomingMessage.swift */; };
		35EB074C2847E37600F8F51D /* Status.swift in Sources */ = {isa = PBXBuildFile; fileRef = 35EB074B2847E37600F8F51D /* Status.swift */; };
		35EB074E2847E81100F8F51D /* StatusTableViewController.swift in Sources */ = {isa = PBXBuildFile; fileRef = 35EB074D2847E81100F8F51D /* StatusTableViewController.swift */; };
		35EB075028481CCC00F8F51D /* UserTableViewCell.swift in Sources */ = {isa = PBXBuildFile; fileRef = 35EB074F28481CCC00F8F51D /* UserTableViewCell.swift */; };
		35EB075228481CE800F8F51D /* UsersTableViewController.swift in Sources */ = {isa = PBXBuildFile; fileRef = 35EB075128481CE800F8F51D /* UsersTableViewController.swift */; };
		35F5114D28468C7F0056D65C /* EditProfileTableViewController.swift in Sources */ = {isa = PBXBuildFile; fileRef = 35F5114C28468C7F0056D65C /* EditProfileTableViewController.swift */; };
		35F5114F284699850056D65C /* FileStorage.swift in Sources */ = {isa = PBXBuildFile; fileRef = 35F5114E284699850056D65C /* FileStorage.swift */; };
		35F511512846A4FE0056D65C /* GlobalFunctions.swift in Sources */ = {isa = PBXBuildFile; fileRef = 35F511502846A4FE0056D65C /* GlobalFunctions.swift */; };
		35F511532846B14E0056D65C /* Extensions.swift in Sources */ = {isa = PBXBuildFile; fileRef = 35F511522846B14E0056D65C /* Extensions.swift */; };
		35FF4D24284A25850020A27B /* ChatViewController.swift in Sources */ = {isa = PBXBuildFile; fileRef = 35FF4D23284A25850020A27B /* ChatViewController.swift */; };
		C5ED3D5D7FC270288681A68B /* Pods_deChatProject.framework in Frameworks */ = {isa = PBXBuildFile; fileRef = 432BBF57CDBA361489E27DE7 /* Pods_deChatProject.framework */; };
/* End PBXBuildFile section */

/* Begin PBXContainerItemProxy section */
		35FF4CE1284A24D30020A27B /* PBXContainerItemProxy */ = {
			isa = PBXContainerItemProxy;
			containerPortal = 35FF4CBA284A24D30020A27B /* Pods.xcodeproj */;
			proxyType = 2;
			remoteGlobalIDString = BF96B57ADE05E8909F823BDF6868B3E3;
			remoteInfo = abseil;
		};
		35FF4CE3284A24D30020A27B /* PBXContainerItemProxy */ = {
			isa = PBXContainerItemProxy;
			containerPortal = 35FF4CBA284A24D30020A27B /* Pods.xcodeproj */;
			proxyType = 2;
			remoteGlobalIDString = 514D7742C6CBB0BDBD9984AEE97DDFDE;
			remoteInfo = "BoringSSL-GRPC";
		};
		35FF4CE5284A24D30020A27B /* PBXContainerItemProxy */ = {
			isa = PBXContainerItemProxy;
			containerPortal = 35FF4CBA284A24D30020A27B /* Pods.xcodeproj */;
			proxyType = 2;
			remoteGlobalIDString = 81418C93A311F0492F62A8F88C3BD66B;
			remoteInfo = FirebaseAppCheckInterop;
		};
		35FF4CE7284A24D30020A27B /* PBXContainerItemProxy */ = {
			isa = PBXContainerItemProxy;
			containerPortal = 35FF4CBA284A24D30020A27B /* Pods.xcodeproj */;
			proxyType = 2;
			remoteGlobalIDString = 43B1E4CD7B30B9FD278100133C2AC788;
			remoteInfo = FirebaseAuth;
		};
		35FF4CE9284A24D30020A27B /* PBXContainerItemProxy */ = {
			isa = PBXContainerItemProxy;
			containerPortal = 35FF4CBA284A24D30020A27B /* Pods.xcodeproj */;
			proxyType = 2;
			remoteGlobalIDString = 09D8B108F8926BC5DC78684FF235123E;
			remoteInfo = FirebaseAuthInterop;
		};
		35FF4CEB284A24D30020A27B /* PBXContainerItemProxy */ = {
			isa = PBXContainerItemProxy;
			containerPortal = 35FF4CBA284A24D30020A27B /* Pods.xcodeproj */;
			proxyType = 2;
			remoteGlobalIDString = E2B63D462DB7F827C4B11FD51E4F8E2D;
			remoteInfo = FirebaseCore;
		};
		35FF4CED284A24D30020A27B /* PBXContainerItemProxy */ = {
			isa = PBXContainerItemProxy;
			containerPortal = 35FF4CBA284A24D30020A27B /* Pods.xcodeproj */;
			proxyType = 2;
			remoteGlobalIDString = 8CC9178C366942FD6FF6A115604EAD58;
			remoteInfo = FirebaseCoreDiagnostics;
		};
		35FF4CEF284A24D30020A27B /* PBXContainerItemProxy */ = {
			isa = PBXContainerItemProxy;
			containerPortal = 35FF4CBA284A24D30020A27B /* Pods.xcodeproj */;
			proxyType = 2;
			remoteGlobalIDString = AEF1DC80F0EB62580B81D18786BAF924;
			remoteInfo = FirebaseCoreExtension;
		};
		35FF4CF1284A24D30020A27B /* PBXContainerItemProxy */ = {
			isa = PBXContainerItemProxy;
			containerPortal = 35FF4CBA284A24D30020A27B /* Pods.xcodeproj */;
			proxyType = 2;
			remoteGlobalIDString = 148D0F9E8C7373FEAF40D800FC5F1BAA;
			remoteInfo = FirebaseCoreInternal;
		};
		35FF4CF3284A24D30020A27B /* PBXContainerItemProxy */ = {
			isa = PBXContainerItemProxy;
			containerPortal = 35FF4CBA284A24D30020A27B /* Pods.xcodeproj */;
			proxyType = 2;
			remoteGlobalIDString = 92000153CD73F7FC2DBAB4AB708269F3;
			remoteInfo = FirebaseFirestore;
		};
		35FF4CF5284A24D30020A27B /* PBXContainerItemProxy */ = {
			isa = PBXContainerItemProxy;
			containerPortal = 35FF4CBA284A24D30020A27B /* Pods.xcodeproj */;
			proxyType = 2;
			remoteGlobalIDString = 720974C5A5873C4DB14E6CC7A51AFDB7;
			remoteInfo = FirebaseFirestoreSwift;
		};
		35FF4CF7284A24D30020A27B /* PBXContainerItemProxy */ = {
			isa = PBXContainerItemProxy;
			containerPortal = 35FF4CBA284A24D30020A27B /* Pods.xcodeproj */;
			proxyType = 2;
			remoteGlobalIDString = 13C8C8B254851998F9289F71229B28A2;
			remoteInfo = FirebaseInstallations;
		};
		35FF4CF9284A24D30020A27B /* PBXContainerItemProxy */ = {
			isa = PBXContainerItemProxy;
			containerPortal = 35FF4CBA284A24D30020A27B /* Pods.xcodeproj */;
			proxyType = 2;
			remoteGlobalIDString = 5B654B4B042BA7DC93766943A643E42B;
			remoteInfo = FirebaseMessaging;
		};
		35FF4CFB284A24D30020A27B /* PBXContainerItemProxy */ = {
			isa = PBXContainerItemProxy;
			containerPortal = 35FF4CBA284A24D30020A27B /* Pods.xcodeproj */;
			proxyType = 2;
			remoteGlobalIDString = 9CF8FA5F01F446F01AAC7331075452AD;
			remoteInfo = FirebaseStorage;
		};
		35FF4CFD284A24D30020A27B /* PBXContainerItemProxy */ = {
			isa = PBXContainerItemProxy;
			containerPortal = 35FF4CBA284A24D30020A27B /* Pods.xcodeproj */;
			proxyType = 2;
			remoteGlobalIDString = A72F97E6F2EBFC3F463C7C79966B3F3E;
			remoteInfo = FirebaseStorageInternal;
		};
		35FF4CFF284A24D30020A27B /* PBXContainerItemProxy */ = {
			isa = PBXContainerItemProxy;
			containerPortal = 35FF4CBA284A24D30020A27B /* Pods.xcodeproj */;
			proxyType = 2;
			remoteGlobalIDString = C672811526EB10879FAA25858B018173;
			remoteInfo = Gallery;
		};
		35FF4D01284A24D30020A27B /* PBXContainerItemProxy */ = {
			isa = PBXContainerItemProxy;
			containerPortal = 35FF4CBA284A24D30020A27B /* Pods.xcodeproj */;
			proxyType = 2;
			remoteGlobalIDString = 856B5CD56F194FAD26EA91620B66D614;
			remoteInfo = GoogleDataTransport;
		};
		35FF4D03284A24D30020A27B /* PBXContainerItemProxy */ = {
			isa = PBXContainerItemProxy;
			containerPortal = 35FF4CBA284A24D30020A27B /* Pods.xcodeproj */;
			proxyType = 2;
			remoteGlobalIDString = B43874C6CBB50E7134FBEC24BABFE14F;
			remoteInfo = GoogleUtilities;
		};
		35FF4D05284A24D30020A27B /* PBXContainerItemProxy */ = {
			isa = PBXContainerItemProxy;
			containerPortal = 35FF4CBA284A24D30020A27B /* Pods.xcodeproj */;
			proxyType = 2;
			remoteGlobalIDString = 1911113E0FBF13CFF9132E5FF7685228;
			remoteInfo = "gRPC-C++";
		};
		35FF4D07284A24D30020A27B /* PBXContainerItemProxy */ = {
			isa = PBXContainerItemProxy;
			containerPortal = 35FF4CBA284A24D30020A27B /* Pods.xcodeproj */;
			proxyType = 2;
			remoteGlobalIDString = 9C7C87B5D0A6752AFA2642F1BCA967A3;
			remoteInfo = "gRPC-C++-gRPCCertificates-Cpp";
		};
		35FF4D09284A24D30020A27B /* PBXContainerItemProxy */ = {
			isa = PBXContainerItemProxy;
			containerPortal = 35FF4CBA284A24D30020A27B /* Pods.xcodeproj */;
			proxyType = 2;
			remoteGlobalIDString = B471867C535B02FA55D87E260F6480F8;
			remoteInfo = "gRPC-Core";
		};
		35FF4D0B284A24D30020A27B /* PBXContainerItemProxy */ = {
			isa = PBXContainerItemProxy;
			containerPortal = 35FF4CBA284A24D30020A27B /* Pods.xcodeproj */;
			proxyType = 2;
			remoteGlobalIDString = C1998E0D8085221AD87F89B614C10E52;
			remoteInfo = GTMSessionFetcher;
		};
		35FF4D0D284A24D30020A27B /* PBXContainerItemProxy */ = {
			isa = PBXContainerItemProxy;
			containerPortal = 35FF4CBA284A24D30020A27B /* Pods.xcodeproj */;
			proxyType = 2;
			remoteGlobalIDString = B81513B0B3333500DFFB1B1B179FB571;
			remoteInfo = InputBarAccessoryView;
		};
		35FF4D0F284A24D30020A27B /* PBXContainerItemProxy */ = {
			isa = PBXContainerItemProxy;
			containerPortal = 35FF4CBA284A24D30020A27B /* Pods.xcodeproj */;
			proxyType = 2;
			remoteGlobalIDString = 0A9F46A999C47653013D3AD854352507;
			remoteInfo = "leveldb-library";
		};
		35FF4D11284A24D30020A27B /* PBXContainerItemProxy */ = {
			isa = PBXContainerItemProxy;
			containerPortal = 35FF4CBA284A24D30020A27B /* Pods.xcodeproj */;
			proxyType = 2;
			remoteGlobalIDString = 6BC54C3D03DEBF9C3A40965E69CAE039;
			remoteInfo = "Libuv-gRPC";
		};
		35FF4D13284A24D30020A27B /* PBXContainerItemProxy */ = {
			isa = PBXContainerItemProxy;
			containerPortal = 35FF4CBA284A24D30020A27B /* Pods.xcodeproj */;
			proxyType = 2;
			remoteGlobalIDString = 15A68A8F33BD9EB9AFD02465B0418BCF;
			remoteInfo = MessageKit;
		};
		35FF4D15284A24D30020A27B /* PBXContainerItemProxy */ = {
			isa = PBXContainerItemProxy;
			containerPortal = 35FF4CBA284A24D30020A27B /* Pods.xcodeproj */;
			proxyType = 2;
			remoteGlobalIDString = 06FC5C9CF96D60C50FCD47D339C91951;
			remoteInfo = nanopb;
		};
		35FF4D17284A24D30020A27B /* PBXContainerItemProxy */ = {
			isa = PBXContainerItemProxy;
			containerPortal = 35FF4CBA284A24D30020A27B /* Pods.xcodeproj */;
			proxyType = 2;
			remoteGlobalIDString = 9C1C2B61C8C030A39F9D64EC371F19A1;
			remoteInfo = "Pods-deChatProject";
		};
		35FF4D19284A24D30020A27B /* PBXContainerItemProxy */ = {
			isa = PBXContainerItemProxy;
			containerPortal = 35FF4CBA284A24D30020A27B /* Pods.xcodeproj */;
			proxyType = 2;
			remoteGlobalIDString = 0D3287058D2F13BD484A454154BEA62B;
			remoteInfo = ProgressHUD;
		};
		35FF4D1B284A24D30020A27B /* PBXContainerItemProxy */ = {
			isa = PBXContainerItemProxy;
			containerPortal = 35FF4CBA284A24D30020A27B /* Pods.xcodeproj */;
			proxyType = 2;
			remoteGlobalIDString = 3347A1AB6546F0A3977529B8F199DC41;
			remoteInfo = PromisesObjC;
		};
		35FF4D1D284A24D30020A27B /* PBXContainerItemProxy */ = {
			isa = PBXContainerItemProxy;
			containerPortal = 35FF4CBA284A24D30020A27B /* Pods.xcodeproj */;
			proxyType = 2;
			remoteGlobalIDString = 921BE4A82C4A7A5C72A0C6F8B8FEF200;
			remoteInfo = Realm;
		};
		35FF4D1F284A24D30020A27B /* PBXContainerItemProxy */ = {
			isa = PBXContainerItemProxy;
			containerPortal = 35FF4CBA284A24D30020A27B /* Pods.xcodeproj */;
			proxyType = 2;
			remoteGlobalIDString = 437919EE08EC6BFCCBAC3BD346309742;
			remoteInfo = RealmSwift;
		};
		35FF4D21284A24D30020A27B /* PBXContainerItemProxy */ = {
			isa = PBXContainerItemProxy;
			containerPortal = 35FF4CBA284A24D30020A27B /* Pods.xcodeproj */;
			proxyType = 2;
			remoteGlobalIDString = 2206DE2F3FA7264A50C2C90013B40A04;
			remoteInfo = SKPhotoBrowser;
		};
/* End PBXContainerItemProxy section */

/* Begin PBXFileReference section */
		350E6EEF2845491400222361 /* SettingsTableViewController.swift */ = {isa = PBXFileReference; lastKnownFileType = sourcecode.swift; path = SettingsTableViewController.swift; sourceTree = "<group>"; };
		350E6EF128455C6E00222361 /* NotesTableViewController.swift */ = {isa = PBXFileReference; lastKnownFileType = sourcecode.swift; path = NotesTableViewController.swift; sourceTree = "<group>"; };
		350E6EF428455CBC00222361 /* NotesTableViewCell.swift */ = {isa = PBXFileReference; lastKnownFileType = sourcecode.swift; path = NotesTableViewCell.swift; sourceTree = "<group>"; };
		350E6EF528455CBC00222361 /* NotesTableViewCell.xib */ = {isa = PBXFileReference; lastKnownFileType = file.xib; path = NotesTableViewCell.xib; sourceTree = "<group>"; };
		353826F32851FD770050AD13 /* VideoMS.swift */ = {isa = PBXFileReference; lastKnownFileType = sourcecode.swift; path = VideoMS.swift; sourceTree = "<group>"; };
		353826F528521F1C0050AD13 /* LocationManager.swift */ = {isa = PBXFileReference; lastKnownFileType = sourcecode.swift; path = LocationManager.swift; sourceTree = "<group>"; };
		353826F7285229890050AD13 /* LocationMS.swift */ = {isa = PBXFileReference; lastKnownFileType = sourcecode.swift; path = LocationMS.swift; sourceTree = "<group>"; };
		353826F928522D0F0050AD13 /* MapViewController.swift */ = {isa = PBXFileReference; lastKnownFileType = sourcecode.swift; path = MapViewController.swift; sourceTree = "<group>"; };
		353826FB285230C10050AD13 /* MapAnnotation.swift */ = {isa = PBXFileReference; lastKnownFileType = sourcecode.swift; path = MapAnnotation.swift; sourceTree = "<group>"; };
		353826FD28523AE20050AD13 /* AudioRecorder.swift */ = {isa = PBXFileReference; lastKnownFileType = sourcecode.swift; path = AudioRecorder.swift; sourceTree = "<group>"; };
		353826FF285245150050AD13 /* AudioMS.swift */ = {isa = PBXFileReference; lastKnownFileType = sourcecode.swift; path = AudioMS.swift; sourceTree = "<group>"; };
		3558E6132848CD5000302625 /* ProfileTableViewController.swift */ = {isa = PBXFileReference; lastKnownFileType = sourcecode.swift; path = ProfileTableViewController.swift; sourceTree = "<group>"; };
		3558E6162848E1A400302625 /* RecentChat.swift */ = {isa = PBXFileReference; lastKnownFileType = sourcecode.swift; path = RecentChat.swift; sourceTree = "<group>"; };
		3558E6182848EAC000302625 /* RecentTableViewCell.swift */ = {isa = PBXFileReference; lastKnownFileType = sourcecode.swift; path = RecentTableViewCell.swift; sourceTree = "<group>"; };
		3558E61A2848F76600302625 /* StartChat.swift */ = {isa = PBXFileReference; lastKnownFileType = sourcecode.swift; path = StartChat.swift; sourceTree = "<group>"; };
		3558E61C2848FFB400302625 /* FirebaseRecentListener.swift */ = {isa = PBXFileReference; lastKnownFileType = sourcecode.swift; path = FirebaseRecentListener.swift; sourceTree = "<group>"; };
		3558E61E284912B600302625 /* ChatsTableViewController.swift */ = {isa = PBXFileReference; lastKnownFileType = sourcecode.swift; path = ChatsTableViewController.swift; sourceTree = "<group>"; };
		356A69122850FA2800E6A3D4 /* PhotoMS.swift */ = {isa = PBXFileReference; lastKnownFileType = sourcecode.swift; path = PhotoMS.swift; sourceTree = "<group>"; };
		357026B22854B846002464A0 /* ChannelDetailTableViewController.swift */ = {isa = PBXFileReference; lastKnownFileType = sourcecode.swift; path = ChannelDetailTableViewController.swift; sourceTree = "<group>"; };
		3570BA192842698200F91FA8 /* deChatProject.app */ = {isa = PBXFileReference; explicitFileType = wrapper.application; includeInIndex = 0; path = deChatProject.app; sourceTree = BUILT_PRODUCTS_DIR; };
		3570BA1C2842698200F91FA8 /* AppDelegate.swift */ = {isa = PBXFileReference; lastKnownFileType = sourcecode.swift; path = AppDelegate.swift; sourceTree = "<group>"; };
		3570BA1E2842698200F91FA8 /* SceneDelegate.swift */ = {isa = PBXFileReference; lastKnownFileType = sourcecode.swift; path = SceneDelegate.swift; sourceTree = "<group>"; };
		3570BA202842698200F91FA8 /* LoginViewController.swift */ = {isa = PBXFileReference; lastKnownFileType = sourcecode.swift; path = LoginViewController.swift; sourceTree = "<group>"; };
		3570BA232842698200F91FA8 /* Base */ = {isa = PBXFileReference; lastKnownFileType = file.storyboard; name = Base; path = Base.lproj/Main.storyboard; sourceTree = "<group>"; };
		3570BA252842698300F91FA8 /* Assets.xcassets */ = {isa = PBXFileReference; lastKnownFileType = folder.assetcatalog; path = Assets.xcassets; sourceTree = "<group>"; };
		3570BA282842698300F91FA8 /* Base */ = {isa = PBXFileReference; lastKnownFileType = file.storyboard; name = Base; path = Base.lproj/LaunchScreen.storyboard; sourceTree = "<group>"; };
		3570BA2A2842698300F91FA8 /* Info.plist */ = {isa = PBXFileReference; lastKnownFileType = text.plist.xml; path = Info.plist; sourceTree = "<group>"; };
		3570BA3028426C5500F91FA8 /* GoogleService-Info.plist */ = {isa = PBXFileReference; fileEncoding = 4; lastKnownFileType = text.plist.xml; path = "GoogleService-Info.plist"; sourceTree = "<group>"; };
		3570BA33284275C300F91FA8 /* FCollectionReference.swift */ = {isa = PBXFileReference; fileEncoding = 4; lastKnownFileType = sourcecode.swift; path = FCollectionReference.swift; sourceTree = "<group>"; };
		3570BA352842766100F91FA8 /* FirebaseUserListener.swift */ = {isa = PBXFileReference; fileEncoding = 4; lastKnownFileType = sourcecode.swift; path = FirebaseUserListener.swift; sourceTree = "<group>"; };
		3570BA38284277C200F91FA8 /* User.swift */ = {isa = PBXFileReference; fileEncoding = 4; lastKnownFileType = sourcecode.swift; path = User.swift; sourceTree = "<group>"; };
		3570BA3B2842780B00F91FA8 /* Constants.swift */ = {isa = PBXFileReference; fileEncoding = 4; lastKnownFileType = sourcecode.swift; path = Constants.swift; sourceTree = "<group>"; };
		358C1D56284F81CD0086FA52 /* FirebaseTypingListener.swift */ = {isa = PBXFileReference; lastKnownFileType = sourcecode.swift; path = FirebaseTypingListener.swift; sourceTree = "<group>"; };
		35B02363285317D40044A075 /* BasicAudioController.swift */ = {isa = PBXFileReference; lastKnownFileType = sourcecode.swift; path = BasicAudioController.swift; sourceTree = "<group>"; };
		35B0236528534C950044A075 /* ChannelsTableViewController.swift */ = {isa = PBXFileReference; lastKnownFileType = sourcecode.swift; path = ChannelsTableViewController.swift; sourceTree = "<group>"; };
		35B0236728534EF40044A075 /* Channel.swift */ = {isa = PBXFileReference; lastKnownFileType = sourcecode.swift; path = Channel.swift; sourceTree = "<group>"; };
		35B023692853530A0044A075 /* ChannelTableViewCell.swift */ = {isa = PBXFileReference; lastKnownFileType = sourcecode.swift; path = ChannelTableViewCell.swift; sourceTree = "<group>"; };
		35B0236B28535F4A0044A075 /* MyChannelsTableViewController.swift */ = {isa = PBXFileReference; lastKnownFileType = sourcecode.swift; path = MyChannelsTableViewController.swift; sourceTree = "<group>"; };
		35B0236D28535F9D0044A075 /* AddChannelTableViewController.swift */ = {isa = PBXFileReference; lastKnownFileType = sourcecode.swift; path = AddChannelTableViewController.swift; sourceTree = "<group>"; };
		35B0236F28536B0C0044A075 /* FirebaseChannelListener.swift */ = {isa = PBXFileReference; lastKnownFileType = sourcecode.swift; path = FirebaseChannelListener.swift; sourceTree = "<group>"; };
		35C50BBE2854D23A008ADB90 /* ChannelChatViewController.swift */ = {isa = PBXFileReference; lastKnownFileType = sourcecode.swift; path = ChannelChatViewController.swift; sourceTree = "<group>"; };
		35C9662B284DF217006B022E /* MessageDataSource.swift */ = {isa = PBXFileReference; lastKnownFileType = sourcecode.swift; path = MessageDataSource.swift; sourceTree = "<group>"; };
		35C96652284DF242006B022E /* MessageCellDelegate.swift */ = {isa = PBXFileReference; lastKnownFileType = sourcecode.swift; path = MessageCellDelegate.swift; sourceTree = "<group>"; };
		35C96654284DF256006B022E /* MessageDisplayDelegate.swift */ = {isa = PBXFileReference; lastKnownFileType = sourcecode.swift; path = MessageDisplayDelegate.swift; sourceTree = "<group>"; };
		35C96656284DF374006B022E /* MessageLayoutDelegate.swift */ = {isa = PBXFileReference; lastKnownFileType = sourcecode.swift; path = MessageLayoutDelegate.swift; sourceTree = "<group>"; };
		35C96658284DF389006B022E /* InputBarViewDelegate.swift */ = {isa = PBXFileReference; lastKnownFileType = sourcecode.swift; path = InputBarViewDelegate.swift; sourceTree = "<group>"; };
		35C9665A284DF854006B022E /* MessageDef.swift */ = {isa = PBXFileReference; lastKnownFileType = sourcecode.swift; path = MessageDef.swift; sourceTree = "<group>"; };
		35C9665E284DFB11006B022E /* MKMessage.swift */ = {isa = PBXFileReference; lastKnownFileType = sourcecode.swift; path = MKMessage.swift; sourceTree = "<group>"; };
		35C96660284E01C5006B022E /* Message.swift */ = {isa = PBXFileReference; lastKnownFileType = sourcecode.swift; path = Message.swift; sourceTree = "<group>"; };
		35C96663284E1239006B022E /* RealmManager.swift */ = {isa = PBXFileReference; lastKnownFileType = sourcecode.swift; path = RealmManager.swift; sourceTree = "<group>"; };
		35C96665284E17F1006B022E /* OutgoingMessage.swift */ = {isa = PBXFileReference; lastKnownFileType = sourcecode.swift; path = OutgoingMessage.swift; sourceTree = "<group>"; };
		35C96667284E2F06006B022E /* FirebaseMessageListener.swift */ = {isa = PBXFileReference; lastKnownFileType = sourcecode.swift; path = FirebaseMessageListener.swift; sourceTree = "<group>"; };
		35C96669284E456B006B022E /* IncomingMessage.swift */ = {isa = PBXFileReference; lastKnownFileType = sourcecode.swift; path = IncomingMessage.swift; sourceTree = "<group>"; };
		35EB074B2847E37600F8F51D /* Status.swift */ = {isa = PBXFileReference; lastKnownFileType = sourcecode.swift; path = Status.swift; sourceTree = "<group>"; };
		35EB074D2847E81100F8F51D /* StatusTableViewController.swift */ = {isa = PBXFileReference; lastKnownFileType = sourcecode.swift; path = StatusTableViewController.swift; sourceTree = "<group>"; };
		35EB074F28481CCC00F8F51D /* UserTableViewCell.swift */ = {isa = PBXFileReference; lastKnownFileType = sourcecode.swift; path = UserTableViewCell.swift; sourceTree = "<group>"; };
		35EB075128481CE800F8F51D /* UsersTableViewController.swift */ = {isa = PBXFileReference; lastKnownFileType = sourcecode.swift; path = UsersTableViewController.swift; sourceTree = "<group>"; };
		35F5114C28468C7F0056D65C /* EditProfileTableViewController.swift */ = {isa = PBXFileReference; lastKnownFileType = sourcecode.swift; path = EditProfileTableViewController.swift; sourceTree = "<group>"; };
		35F5114E284699850056D65C /* FileStorage.swift */ = {isa = PBXFileReference; lastKnownFileType = sourcecode.swift; path = FileStorage.swift; sourceTree = "<group>"; };
		35F511502846A4FE0056D65C /* GlobalFunctions.swift */ = {isa = PBXFileReference; lastKnownFileType = sourcecode.swift; path = GlobalFunctions.swift; sourceTree = "<group>"; };
		35F511522846B14E0056D65C /* Extensions.swift */ = {isa = PBXFileReference; fileEncoding = 4; lastKnownFileType = sourcecode.swift; path = Extensions.swift; sourceTree = "<group>"; };
		35FF4CBA284A24D30020A27B /* Pods.xcodeproj */ = {isa = PBXFileReference; lastKnownFileType = "wrapper.pb-project"; name = Pods.xcodeproj; path = Pods/Pods.xcodeproj; sourceTree = "<group>"; };
		35FF4D23284A25850020A27B /* ChatViewController.swift */ = {isa = PBXFileReference; lastKnownFileType = sourcecode.swift; path = ChatViewController.swift; sourceTree = "<group>"; };
		432BBF57CDBA361489E27DE7 /* Pods_deChatProject.framework */ = {isa = PBXFileReference; explicitFileType = wrapper.framework; includeInIndex = 0; path = Pods_deChatProject.framework; sourceTree = BUILT_PRODUCTS_DIR; };
		A624D055C76C893D8B9E3602 /* Pods-deChatProject.debug.xcconfig */ = {isa = PBXFileReference; includeInIndex = 1; lastKnownFileType = text.xcconfig; name = "Pods-deChatProject.debug.xcconfig"; path = "Target Support Files/Pods-deChatProject/Pods-deChatProject.debug.xcconfig"; sourceTree = "<group>"; };
		D33224FEFA9CC596CA0E11F2 /* Pods-deChatProject.release.xcconfig */ = {isa = PBXFileReference; includeInIndex = 1; lastKnownFileType = text.xcconfig; name = "Pods-deChatProject.release.xcconfig"; path = "Target Support Files/Pods-deChatProject/Pods-deChatProject.release.xcconfig"; sourceTree = "<group>"; };
/* End PBXFileReference section */

/* Begin PBXFrameworksBuildPhase section */
		3570BA162842698200F91FA8 /* Frameworks */ = {
			isa = PBXFrameworksBuildPhase;
			buildActionMask = 2147483647;
			files = (
				C5ED3D5D7FC270288681A68B /* Pods_deChatProject.framework in Frameworks */,
			);
			runOnlyForDeploymentPostprocessing = 0;
		};
/* End PBXFrameworksBuildPhase section */

/* Begin PBXGroup section */
		350E6EF328455C9900222361 /* Notes */ = {
			isa = PBXGroup;
			children = (
				350E6EF828455CC600222361 /* Cell */,
				350E6EF128455C6E00222361 /* NotesTableViewController.swift */,
			);
			path = Notes;
			sourceTree = "<group>";
		};
		350E6EF828455CC600222361 /* Cell */ = {
			isa = PBXGroup;
			children = (
				350E6EF428455CBC00222361 /* NotesTableViewCell.swift */,
				350E6EF528455CBC00222361 /* NotesTableViewCell.xib */,
			);
			path = Cell;
			sourceTree = "<group>";
		};
		353826CE2851FD6C0050AD13 /* Media */ = {
			isa = PBXGroup;
			children = (
				356A69122850FA2800E6A3D4 /* PhotoMS.swift */,
				353826F32851FD770050AD13 /* VideoMS.swift */,
				353826F7285229890050AD13 /* LocationMS.swift */,
				353826FF285245150050AD13 /* AudioMS.swift */,
			);
			path = Media;
			sourceTree = "<group>";
		};
		3558E60F2848CCE100302625 /* Settings */ = {
			isa = PBXGroup;
			children = (
				350E6EEF2845491400222361 /* SettingsTableViewController.swift */,
				35F5114C28468C7F0056D65C /* EditProfileTableViewController.swift */,
				35EB074D2847E81100F8F51D /* StatusTableViewController.swift */,
			);
			path = Settings;
			sourceTree = "<group>";
		};
		3558E6102848CCF000302625 /* CustomCell */ = {
			isa = PBXGroup;
			children = (
				35EB074F28481CCC00F8F51D /* UserTableViewCell.swift */,
				3558E6182848EAC000302625 /* RecentTableViewCell.swift */,
				35B023692853530A0044A075 /* ChannelTableViewCell.swift */,
			);
			path = CustomCell;
			sourceTree = "<group>";
		};
		3558E6112848CCFF00302625 /* Login */ = {
			isa = PBXGroup;
			children = (
				3570BA202842698200F91FA8 /* LoginViewController.swift */,
			);
			path = Login;
			sourceTree = "<group>";
		};
		3558E6122848CD0A00302625 /* MainViews */ = {
			isa = PBXGroup;
			children = (
				35EB075128481CE800F8F51D /* UsersTableViewController.swift */,
				3558E61E284912B600302625 /* ChatsTableViewController.swift */,
				35B0236528534C950044A075 /* ChannelsTableViewController.swift */,
			);
			path = MainViews;
			sourceTree = "<group>";
		};
		3558E6152848CD5900302625 /* SecondaryViews */ = {
			isa = PBXGroup;
			children = (
				3558E6132848CD5000302625 /* ProfileTableViewController.swift */,
				353826F928522D0F0050AD13 /* MapViewController.swift */,
				35FF4D23284A25850020A27B /* ChatViewController.swift */,
				35B0236B28535F4A0044A075 /* MyChannelsTableViewController.swift */,
				35B0236D28535F9D0044A075 /* AddChannelTableViewController.swift */,
				357026B22854B846002464A0 /* ChannelDetailTableViewController.swift */,
				35C50BBE2854D23A008ADB90 /* ChannelChatViewController.swift */,
				35C96651284DF223006B022E /* ChatViewExtensions */,
			);
			path = SecondaryViews;
			sourceTree = "<group>";
		};
		3570BA102842698200F91FA8 = {
			isa = PBXGroup;
			children = (
				3570BA1B2842698200F91FA8 /* deChatProject */,
				3570BA1A2842698200F91FA8 /* Products */,
				F180CA34874FB38EBD7E163A /* Pods */,
				C872B624759730BD7D2053C9 /* Frameworks */,
			);
			sourceTree = "<group>";
		};
		3570BA1A2842698200F91FA8 /* Products */ = {
			isa = PBXGroup;
			children = (
				3570BA192842698200F91FA8 /* deChatProject.app */,
			);
			name = Products;
			sourceTree = "<group>";
		};
		3570BA1B2842698200F91FA8 /* deChatProject */ = {
			isa = PBXGroup;
			children = (
				3570BA3A2842780100F91FA8 /* Helpers */,
				3570BA37284277B800F91FA8 /* Model */,
				3570BA32284275AF00F91FA8 /* Firebase */,
				350E6EF328455C9900222361 /* Notes */,
				3558E6112848CCFF00302625 /* Login */,
				3558E60F2848CCE100302625 /* Settings */,
				3558E6122848CD0A00302625 /* MainViews */,
				3558E6102848CCF000302625 /* CustomCell */,
				3558E6152848CD5900302625 /* SecondaryViews */,
				3570BA1E2842698200F91FA8 /* SceneDelegate.swift */,
				3570BA1C2842698200F91FA8 /* AppDelegate.swift */,
				3570BA252842698300F91FA8 /* Assets.xcassets */,
				3570BA222842698200F91FA8 /* Main.storyboard */,
				3570BA272842698300F91FA8 /* LaunchScreen.storyboard */,
				3570BA2A2842698300F91FA8 /* Info.plist */,
				3570BA3028426C5500F91FA8 /* GoogleService-Info.plist */,
			);
			path = deChatProject;
			sourceTree = "<group>";
		};
		3570BA32284275AF00F91FA8 /* Firebase */ = {
			isa = PBXGroup;
			children = (
				3570BA352842766100F91FA8 /* FirebaseUserListener.swift */,
				3558E61C2848FFB400302625 /* FirebaseRecentListener.swift */,
				3570BA33284275C300F91FA8 /* FCollectionReference.swift */,
				35F5114E284699850056D65C /* FileStorage.swift */,
				35C96667284E2F06006B022E /* FirebaseMessageListener.swift */,
				358C1D56284F81CD0086FA52 /* FirebaseTypingListener.swift */,
				35B0236F28536B0C0044A075 /* FirebaseChannelListener.swift */,
			);
			path = Firebase;
			sourceTree = "<group>";
		};
		3570BA37284277B800F91FA8 /* Model */ = {
			isa = PBXGroup;
			children = (
				3570BA38284277C200F91FA8 /* User.swift */,
				3558E6162848E1A400302625 /* RecentChat.swift */,
				35EB074B2847E37600F8F51D /* Status.swift */,
				35C9665E284DFB11006B022E /* MKMessage.swift */,
				35C96665284E17F1006B022E /* OutgoingMessage.swift */,
				35C96669284E456B006B022E /* IncomingMessage.swift */,
				353826F528521F1C0050AD13 /* LocationManager.swift */,
				353826FB285230C10050AD13 /* MapAnnotation.swift */,
				353826FD28523AE20050AD13 /* AudioRecorder.swift */,
				35B02363285317D40044A075 /* BasicAudioController.swift */,
				35B0236728534EF40044A075 /* Channel.swift */,
				353826CE2851FD6C0050AD13 /* Media */,
				35C96662284E01D1006B022E /* Messages */,
			);
			path = Model;
			sourceTree = "<group>";
		};
		3570BA3A2842780100F91FA8 /* Helpers */ = {
			isa = PBXGroup;
			children = (
				35F511522846B14E0056D65C /* Extensions.swift */,
				35C9665A284DF854006B022E /* MessageDef.swift */,
				3570BA3B2842780B00F91FA8 /* Constants.swift */,
				35F511502846A4FE0056D65C /* GlobalFunctions.swift */,
				3558E61A2848F76600302625 /* StartChat.swift */,
			);
			path = Helpers;
			sourceTree = "<group>";
		};
		35C96651284DF223006B022E /* ChatViewExtensions */ = {
			isa = PBXGroup;
			children = (
				35C9662B284DF217006B022E /* MessageDataSource.swift */,
				35C96652284DF242006B022E /* MessageCellDelegate.swift */,
				35C96654284DF256006B022E /* MessageDisplayDelegate.swift */,
				35C96656284DF374006B022E /* MessageLayoutDelegate.swift */,
				35C96658284DF389006B022E /* InputBarViewDelegate.swift */,
			);
			path = ChatViewExtensions;
			sourceTree = "<group>";
		};
		35C96662284E01D1006B022E /* Messages */ = {
			isa = PBXGroup;
			children = (
				35C96660284E01C5006B022E /* Message.swift */,
				35C96663284E1239006B022E /* RealmManager.swift */,
			);
			path = Messages;
			sourceTree = "<group>";
		};
		35FF4CBB284A24D30020A27B /* Products */ = {
			isa = PBXGroup;
			children = (
				35FF4CE2284A24D30020A27B /* absl.framework */,
				35FF4CE4284A24D30020A27B /* openssl_grpc.framework */,
				35FF4CE6284A24D30020A27B /* FirebaseAppCheckInterop.framework */,
				35FF4CE8284A24D30020A27B /* FirebaseAuth.framework */,
				35FF4CEA284A24D30020A27B /* FirebaseAuthInterop.framework */,
				35FF4CEC284A24D30020A27B /* FirebaseCore.framework */,
				35FF4CEE284A24D30020A27B /* FirebaseCoreDiagnostics.framework */,
				35FF4CF0284A24D30020A27B /* FirebaseCoreExtension.framework */,
				35FF4CF2284A24D30020A27B /* FirebaseCoreInternal.framework */,
				35FF4CF4284A24D30020A27B /* FirebaseFirestore.framework */,
				35FF4CF6284A24D30020A27B /* FirebaseFirestoreSwift.framework */,
				35FF4CF8284A24D30020A27B /* FirebaseInstallations.framework */,
				35FF4CFA284A24D30020A27B /* FirebaseMessaging.framework */,
				35FF4CFC284A24D30020A27B /* FirebaseStorage.framework */,
				35FF4CFE284A24D30020A27B /* FirebaseStorageInternal.framework */,
				35FF4D00284A24D30020A27B /* Gallery.framework */,
				35FF4D02284A24D30020A27B /* GoogleDataTransport.framework */,
				35FF4D04284A24D30020A27B /* GoogleUtilities.framework */,
				35FF4D06284A24D30020A27B /* grpcpp.framework */,
				35FF4D08284A24D30020A27B /* gRPCCertificates-Cpp.bundle */,
				35FF4D0A284A24D30020A27B /* grpc.framework */,
				35FF4D0C284A24D30020A27B /* GTMSessionFetcher.framework */,
				35FF4D0E284A24D30020A27B /* InputBarAccessoryView */,
				35FF4D10284A24D30020A27B /* leveldb.framework */,
				35FF4D12284A24D30020A27B /* uv.framework */,
				35FF4D14284A24D30020A27B /* MessageKit */,
				35FF4D16284A24D30020A27B /* nanopb.framework */,
				35FF4D18284A24D30020A27B /* Pods-deChatProject */,
				35FF4D1A284A24D30020A27B /* ProgressHUD */,
				35FF4D1C284A24D30020A27B /* FBLPromises.framework */,
				35FF4D1E284A24D30020A27B /* Realm.framework */,
				35FF4D20284A24D30020A27B /* RealmSwift.framework */,
				35FF4D22284A24D30020A27B /* SKPhotoBrowser.framework */,
			);
			name = Products;
			sourceTree = "<group>";
		};
		C872B624759730BD7D2053C9 /* Frameworks */ = {
			isa = PBXGroup;
			children = (
				35FF4CBA284A24D30020A27B /* Pods.xcodeproj */,
				432BBF57CDBA361489E27DE7 /* Pods_deChatProject.framework */,
			);
			name = Frameworks;
			sourceTree = "<group>";
		};
		F180CA34874FB38EBD7E163A /* Pods */ = {
			isa = PBXGroup;
			children = (
				A624D055C76C893D8B9E3602 /* Pods-deChatProject.debug.xcconfig */,
				D33224FEFA9CC596CA0E11F2 /* Pods-deChatProject.release.xcconfig */,
			);
			path = Pods;
			sourceTree = "<group>";
		};
/* End PBXGroup section */

/* Begin PBXNativeTarget section */
		3570BA182842698200F91FA8 /* deChatProject */ = {
			isa = PBXNativeTarget;
			buildConfigurationList = 3570BA2D2842698300F91FA8 /* Build configuration list for PBXNativeTarget "deChatProject" */;
			buildPhases = (
				7754E6B088A20FDD8AB9498B /* [CP] Check Pods Manifest.lock */,
				3570BA152842698200F91FA8 /* Sources */,
				3570BA162842698200F91FA8 /* Frameworks */,
				3570BA172842698200F91FA8 /* Resources */,
				2D47E7A6BD3F4320EC636131 /* [CP] Embed Pods Frameworks */,
			);
			buildRules = (
			);
			dependencies = (
			);
			name = deChatProject;
			packageProductDependencies = (
			);
			productName = deChatProject;
			productReference = 3570BA192842698200F91FA8 /* deChatProject.app */;
			productType = "com.apple.product-type.application";
		};
/* End PBXNativeTarget section */

/* Begin PBXProject section */
		3570BA112842698200F91FA8 /* Project object */ = {
			isa = PBXProject;
			attributes = {
				BuildIndependentTargetsInParallel = 1;
				LastSwiftUpdateCheck = 1340;
				LastUpgradeCheck = 1340;
				TargetAttributes = {
					3570BA182842698200F91FA8 = {
						CreatedOnToolsVersion = 13.4;
					};
				};
			};
			buildConfigurationList = 3570BA142842698200F91FA8 /* Build configuration list for PBXProject "deChatProject" */;
			compatibilityVersion = "Xcode 13.0";
			developmentRegion = en;
			hasScannedForEncodings = 0;
			knownRegions = (
				en,
				Base,
			);
			mainGroup = 3570BA102842698200F91FA8;
			packageReferences = (
			);
			productRefGroup = 3570BA1A2842698200F91FA8 /* Products */;
			projectDirPath = "";
			projectReferences = (
				{
					ProductGroup = 35FF4CBB284A24D30020A27B /* Products */;
					ProjectRef = 35FF4CBA284A24D30020A27B /* Pods.xcodeproj */;
				},
			);
			projectRoot = "";
			targets = (
				3570BA182842698200F91FA8 /* deChatProject */,
			);
		};
/* End PBXProject section */

/* Begin PBXReferenceProxy section */
		35FF4CE2284A24D30020A27B /* absl.framework */ = {
			isa = PBXReferenceProxy;
			fileType = wrapper.framework;
			path = absl.framework;
			remoteRef = 35FF4CE1284A24D30020A27B /* PBXContainerItemProxy */;
			sourceTree = BUILT_PRODUCTS_DIR;
		};
		35FF4CE4284A24D30020A27B /* openssl_grpc.framework */ = {
			isa = PBXReferenceProxy;
			fileType = wrapper.framework;
			path = openssl_grpc.framework;
			remoteRef = 35FF4CE3284A24D30020A27B /* PBXContainerItemProxy */;
			sourceTree = BUILT_PRODUCTS_DIR;
		};
		35FF4CE6284A24D30020A27B /* FirebaseAppCheckInterop.framework */ = {
			isa = PBXReferenceProxy;
			fileType = wrapper.framework;
			path = FirebaseAppCheckInterop.framework;
			remoteRef = 35FF4CE5284A24D30020A27B /* PBXContainerItemProxy */;
			sourceTree = BUILT_PRODUCTS_DIR;
		};
		35FF4CE8284A24D30020A27B /* FirebaseAuth.framework */ = {
			isa = PBXReferenceProxy;
			fileType = wrapper.framework;
			path = FirebaseAuth.framework;
			remoteRef = 35FF4CE7284A24D30020A27B /* PBXContainerItemProxy */;
			sourceTree = BUILT_PRODUCTS_DIR;
		};
		35FF4CEA284A24D30020A27B /* FirebaseAuthInterop.framework */ = {
			isa = PBXReferenceProxy;
			fileType = wrapper.framework;
			path = FirebaseAuthInterop.framework;
			remoteRef = 35FF4CE9284A24D30020A27B /* PBXContainerItemProxy */;
			sourceTree = BUILT_PRODUCTS_DIR;
		};
		35FF4CEC284A24D30020A27B /* FirebaseCore.framework */ = {
			isa = PBXReferenceProxy;
			fileType = wrapper.framework;
			path = FirebaseCore.framework;
			remoteRef = 35FF4CEB284A24D30020A27B /* PBXContainerItemProxy */;
			sourceTree = BUILT_PRODUCTS_DIR;
		};
		35FF4CEE284A24D30020A27B /* FirebaseCoreDiagnostics.framework */ = {
			isa = PBXReferenceProxy;
			fileType = wrapper.framework;
			path = FirebaseCoreDiagnostics.framework;
			remoteRef = 35FF4CED284A24D30020A27B /* PBXContainerItemProxy */;
			sourceTree = BUILT_PRODUCTS_DIR;
		};
		35FF4CF0284A24D30020A27B /* FirebaseCoreExtension.framework */ = {
			isa = PBXReferenceProxy;
			fileType = wrapper.framework;
			path = FirebaseCoreExtension.framework;
			remoteRef = 35FF4CEF284A24D30020A27B /* PBXContainerItemProxy */;
			sourceTree = BUILT_PRODUCTS_DIR;
		};
		35FF4CF2284A24D30020A27B /* FirebaseCoreInternal.framework */ = {
			isa = PBXReferenceProxy;
			fileType = wrapper.framework;
			path = FirebaseCoreInternal.framework;
			remoteRef = 35FF4CF1284A24D30020A27B /* PBXContainerItemProxy */;
			sourceTree = BUILT_PRODUCTS_DIR;
		};
		35FF4CF4284A24D30020A27B /* FirebaseFirestore.framework */ = {
			isa = PBXReferenceProxy;
			fileType = wrapper.framework;
			path = FirebaseFirestore.framework;
			remoteRef = 35FF4CF3284A24D30020A27B /* PBXContainerItemProxy */;
			sourceTree = BUILT_PRODUCTS_DIR;
		};
		35FF4CF6284A24D30020A27B /* FirebaseFirestoreSwift.framework */ = {
			isa = PBXReferenceProxy;
			fileType = wrapper.framework;
			path = FirebaseFirestoreSwift.framework;
			remoteRef = 35FF4CF5284A24D30020A27B /* PBXContainerItemProxy */;
			sourceTree = BUILT_PRODUCTS_DIR;
		};
		35FF4CF8284A24D30020A27B /* FirebaseInstallations.framework */ = {
			isa = PBXReferenceProxy;
			fileType = wrapper.framework;
			path = FirebaseInstallations.framework;
			remoteRef = 35FF4CF7284A24D30020A27B /* PBXContainerItemProxy */;
			sourceTree = BUILT_PRODUCTS_DIR;
		};
		35FF4CFA284A24D30020A27B /* FirebaseMessaging.framework */ = {
			isa = PBXReferenceProxy;
			fileType = wrapper.framework;
			path = FirebaseMessaging.framework;
			remoteRef = 35FF4CF9284A24D30020A27B /* PBXContainerItemProxy */;
			sourceTree = BUILT_PRODUCTS_DIR;
		};
		35FF4CFC284A24D30020A27B /* FirebaseStorage.framework */ = {
			isa = PBXReferenceProxy;
			fileType = wrapper.framework;
			path = FirebaseStorage.framework;
			remoteRef = 35FF4CFB284A24D30020A27B /* PBXContainerItemProxy */;
			sourceTree = BUILT_PRODUCTS_DIR;
		};
		35FF4CFE284A24D30020A27B /* FirebaseStorageInternal.framework */ = {
			isa = PBXReferenceProxy;
			fileType = wrapper.framework;
			path = FirebaseStorageInternal.framework;
			remoteRef = 35FF4CFD284A24D30020A27B /* PBXContainerItemProxy */;
			sourceTree = BUILT_PRODUCTS_DIR;
		};
		35FF4D00284A24D30020A27B /* Gallery.framework */ = {
			isa = PBXReferenceProxy;
			fileType = wrapper.framework;
			path = Gallery.framework;
			remoteRef = 35FF4CFF284A24D30020A27B /* PBXContainerItemProxy */;
			sourceTree = BUILT_PRODUCTS_DIR;
		};
		35FF4D02284A24D30020A27B /* GoogleDataTransport.framework */ = {
			isa = PBXReferenceProxy;
			fileType = wrapper.framework;
			path = GoogleDataTransport.framework;
			remoteRef = 35FF4D01284A24D30020A27B /* PBXContainerItemProxy */;
			sourceTree = BUILT_PRODUCTS_DIR;
		};
		35FF4D04284A24D30020A27B /* GoogleUtilities.framework */ = {
			isa = PBXReferenceProxy;
			fileType = wrapper.framework;
			path = GoogleUtilities.framework;
			remoteRef = 35FF4D03284A24D30020A27B /* PBXContainerItemProxy */;
			sourceTree = BUILT_PRODUCTS_DIR;
		};
		35FF4D06284A24D30020A27B /* grpcpp.framework */ = {
			isa = PBXReferenceProxy;
			fileType = wrapper.framework;
			path = grpcpp.framework;
			remoteRef = 35FF4D05284A24D30020A27B /* PBXContainerItemProxy */;
			sourceTree = BUILT_PRODUCTS_DIR;
		};
		35FF4D08284A24D30020A27B /* gRPCCertificates-Cpp.bundle */ = {
			isa = PBXReferenceProxy;
			fileType = wrapper.cfbundle;
			path = "gRPCCertificates-Cpp.bundle";
			remoteRef = 35FF4D07284A24D30020A27B /* PBXContainerItemProxy */;
			sourceTree = BUILT_PRODUCTS_DIR;
		};
		35FF4D0A284A24D30020A27B /* grpc.framework */ = {
			isa = PBXReferenceProxy;
			fileType = wrapper.framework;
			path = grpc.framework;
			remoteRef = 35FF4D09284A24D30020A27B /* PBXContainerItemProxy */;
			sourceTree = BUILT_PRODUCTS_DIR;
		};
		35FF4D0C284A24D30020A27B /* GTMSessionFetcher.framework */ = {
			isa = PBXReferenceProxy;
			fileType = wrapper.framework;
			path = GTMSessionFetcher.framework;
			remoteRef = 35FF4D0B284A24D30020A27B /* PBXContainerItemProxy */;
			sourceTree = BUILT_PRODUCTS_DIR;
		};
		35FF4D0E284A24D30020A27B /* InputBarAccessoryView */ = {
			isa = PBXReferenceProxy;
			fileType = wrapper.framework;
			name = InputBarAccessoryView;
			path = InputBarAccessoryView.framework;
			remoteRef = 35FF4D0D284A24D30020A27B /* PBXContainerItemProxy */;
			sourceTree = BUILT_PRODUCTS_DIR;
		};
		35FF4D10284A24D30020A27B /* leveldb.framework */ = {
			isa = PBXReferenceProxy;
			fileType = wrapper.framework;
			path = leveldb.framework;
			remoteRef = 35FF4D0F284A24D30020A27B /* PBXContainerItemProxy */;
			sourceTree = BUILT_PRODUCTS_DIR;
		};
		35FF4D12284A24D30020A27B /* uv.framework */ = {
			isa = PBXReferenceProxy;
			fileType = wrapper.framework;
			path = uv.framework;
			remoteRef = 35FF4D11284A24D30020A27B /* PBXContainerItemProxy */;
			sourceTree = BUILT_PRODUCTS_DIR;
		};
		35FF4D14284A24D30020A27B /* MessageKit */ = {
			isa = PBXReferenceProxy;
			fileType = wrapper.framework;
			name = MessageKit;
			path = MessageKit.framework;
			remoteRef = 35FF4D13284A24D30020A27B /* PBXContainerItemProxy */;
			sourceTree = BUILT_PRODUCTS_DIR;
		};
		35FF4D16284A24D30020A27B /* nanopb.framework */ = {
			isa = PBXReferenceProxy;
			fileType = wrapper.framework;
			path = nanopb.framework;
			remoteRef = 35FF4D15284A24D30020A27B /* PBXContainerItemProxy */;
			sourceTree = BUILT_PRODUCTS_DIR;
		};
		35FF4D18284A24D30020A27B /* Pods-deChatProject */ = {
			isa = PBXReferenceProxy;
			fileType = wrapper.framework;
			name = "Pods-deChatProject";
			path = Pods_deChatProject.framework;
			remoteRef = 35FF4D17284A24D30020A27B /* PBXContainerItemProxy */;
			sourceTree = BUILT_PRODUCTS_DIR;
		};
		35FF4D1A284A24D30020A27B /* ProgressHUD */ = {
			isa = PBXReferenceProxy;
			fileType = wrapper.framework;
			name = ProgressHUD;
			path = ProgressHUD.framework;
			remoteRef = 35FF4D19284A24D30020A27B /* PBXContainerItemProxy */;
			sourceTree = BUILT_PRODUCTS_DIR;
		};
		35FF4D1C284A24D30020A27B /* FBLPromises.framework */ = {
			isa = PBXReferenceProxy;
			fileType = wrapper.framework;
			path = FBLPromises.framework;
			remoteRef = 35FF4D1B284A24D30020A27B /* PBXContainerItemProxy */;
			sourceTree = BUILT_PRODUCTS_DIR;
		};
		35FF4D1E284A24D30020A27B /* Realm.framework */ = {
			isa = PBXReferenceProxy;
			fileType = wrapper.framework;
			path = Realm.framework;
			remoteRef = 35FF4D1D284A24D30020A27B /* PBXContainerItemProxy */;
			sourceTree = BUILT_PRODUCTS_DIR;
		};
		35FF4D20284A24D30020A27B /* RealmSwift.framework */ = {
			isa = PBXReferenceProxy;
			fileType = wrapper.framework;
			path = RealmSwift.framework;
			remoteRef = 35FF4D1F284A24D30020A27B /* PBXContainerItemProxy */;
			sourceTree = BUILT_PRODUCTS_DIR;
		};
		35FF4D22284A24D30020A27B /* SKPhotoBrowser.framework */ = {
			isa = PBXReferenceProxy;
			fileType = wrapper.framework;
			path = SKPhotoBrowser.framework;
			remoteRef = 35FF4D21284A24D30020A27B /* PBXContainerItemProxy */;
			sourceTree = BUILT_PRODUCTS_DIR;
		};
/* End PBXReferenceProxy section */

/* Begin PBXResourcesBuildPhase section */
		3570BA172842698200F91FA8 /* Resources */ = {
			isa = PBXResourcesBuildPhase;
			buildActionMask = 2147483647;
			files = (
				350E6EF728455CBC00222361 /* NotesTableViewCell.xib in Resources */,
				3570BA292842698300F91FA8 /* LaunchScreen.storyboard in Resources */,
				3570BA3128426C5600F91FA8 /* GoogleService-Info.plist in Resources */,
				3570BA262842698300F91FA8 /* Assets.xcassets in Resources */,
				3570BA242842698200F91FA8 /* Main.storyboard in Resources */,
			);
			runOnlyForDeploymentPostprocessing = 0;
		};
/* End PBXResourcesBuildPhase section */

/* Begin PBXShellScriptBuildPhase section */
		2D47E7A6BD3F4320EC636131 /* [CP] Embed Pods Frameworks */ = {
			isa = PBXShellScriptBuildPhase;
			buildActionMask = 2147483647;
			files = (
			);
			inputFileListPaths = (
				"${PODS_ROOT}/Target Support Files/Pods-deChatProject/Pods-deChatProject-frameworks-${CONFIGURATION}-input-files.xcfilelist",
			);
			name = "[CP] Embed Pods Frameworks";
			outputFileListPaths = (
				"${PODS_ROOT}/Target Support Files/Pods-deChatProject/Pods-deChatProject-frameworks-${CONFIGURATION}-output-files.xcfilelist",
			);
			runOnlyForDeploymentPostprocessing = 0;
			shellPath = /bin/sh;
			shellScript = "\"${PODS_ROOT}/Target Support Files/Pods-deChatProject/Pods-deChatProject-frameworks.sh\"\n";
			showEnvVarsInLog = 0;
		};
		7754E6B088A20FDD8AB9498B /* [CP] Check Pods Manifest.lock */ = {
			isa = PBXShellScriptBuildPhase;
			buildActionMask = 2147483647;
			files = (
			);
			inputFileListPaths = (
			);
			inputPaths = (
				"${PODS_PODFILE_DIR_PATH}/Podfile.lock",
				"${PODS_ROOT}/Manifest.lock",
			);
			name = "[CP] Check Pods Manifest.lock";
			outputFileListPaths = (
			);
			outputPaths = (
				"$(DERIVED_FILE_DIR)/Pods-deChatProject-checkManifestLockResult.txt",
			);
			runOnlyForDeploymentPostprocessing = 0;
			shellPath = /bin/sh;
			shellScript = "diff \"${PODS_PODFILE_DIR_PATH}/Podfile.lock\" \"${PODS_ROOT}/Manifest.lock\" > /dev/null\nif [ $? != 0 ] ; then\n    # print error to STDERR\n    echo \"error: The sandbox is not in sync with the Podfile.lock. Run 'pod install' or update your CocoaPods installation.\" >&2\n    exit 1\nfi\n# This output is used by Xcode 'outputs' to avoid re-running this script phase.\necho \"SUCCESS\" > \"${SCRIPT_OUTPUT_FILE_0}\"\n";
			showEnvVarsInLog = 0;
		};
/* End PBXShellScriptBuildPhase section */

/* Begin PBXSourcesBuildPhase section */
		3570BA152842698200F91FA8 /* Sources */ = {
			isa = PBXSourcesBuildPhase;
			buildActionMask = 2147483647;
			files = (
				35B0236828534EF40044A075 /* Channel.swift in Sources */,
				353826F8285229890050AD13 /* LocationMS.swift in Sources */,
				3558E6172848E1A400302625 /* RecentChat.swift in Sources */,
				3570BA212842698200F91FA8 /* LoginViewController.swift in Sources */,
				3570BA1D2842698200F91FA8 /* AppDelegate.swift in Sources */,
				358C1D57284F81CD0086FA52 /* FirebaseTypingListener.swift in Sources */,
				350E6EF228455C6E00222361 /* NotesTableViewController.swift in Sources */,
				3558E6192848EAC000302625 /* RecentTableViewCell.swift in Sources */,
				357026B32854B846002464A0 /* ChannelDetailTableViewController.swift in Sources */,
				3570BA39284277C200F91FA8 /* User.swift in Sources */,
				35C96661284E01C5006B022E /* Message.swift in Sources */,
				35B0237028536B0C0044A075 /* FirebaseChannelListener.swift in Sources */,
				353826FE28523AE20050AD13 /* AudioRecorder.swift in Sources */,
				3570BA34284275C300F91FA8 /* FCollectionReference.swift in Sources */,
				35C9665F284DFB11006B022E /* MKMessage.swift in Sources */,
				353826FA28522D0F0050AD13 /* MapViewController.swift in Sources */,
				35B0236628534C950044A075 /* ChannelsTableViewController.swift in Sources */,
				35EB074E2847E81100F8F51D /* StatusTableViewController.swift in Sources */,
				35382700285245150050AD13 /* AudioMS.swift in Sources */,
				35C9662C284DF217006B022E /* MessageDataSource.swift in Sources */,
				35F5114F284699850056D65C /* FileStorage.swift in Sources */,
				353826FC285230C10050AD13 /* MapAnnotation.swift in Sources */,
				350E6EF02845491400222361 /* SettingsTableViewController.swift in Sources */,
				3570BA3C2842780B00F91FA8 /* Constants.swift in Sources */,
				35B02364285317D40044A075 /* BasicAudioController.swift in Sources */,
				3558E61F284912B600302625 /* ChatsTableViewController.swift in Sources */,
				35F5114D28468C7F0056D65C /* EditProfileTableViewController.swift in Sources */,
				35C96666284E17F1006B022E /* OutgoingMessage.swift in Sources */,
				35C9666A284E456B006B022E /* IncomingMessage.swift in Sources */,
				3558E6142848CD5000302625 /* ProfileTableViewController.swift in Sources */,
				3558E61D2848FFB400302625 /* FirebaseRecentListener.swift in Sources */,
				35B0236A2853530A0044A075 /* ChannelTableViewCell.swift in Sources */,
				35C9665B284DF854006B022E /* MessageDef.swift in Sources */,
				35C96668284E2F06006B022E /* FirebaseMessageListener.swift in Sources */,
				35B0236C28535F4B0044A075 /* MyChannelsTableViewController.swift in Sources */,
				35EB075228481CE800F8F51D /* UsersTableViewController.swift in Sources */,
				350E6EF628455CBC00222361 /* NotesTableViewCell.swift in Sources */,
				353826F628521F1C0050AD13 /* LocationManager.swift in Sources */,
				35C96659284DF389006B022E /* InputBarViewDelegate.swift in Sources */,
				35C50BBF2854D23A008ADB90 /* ChannelChatViewController.swift in Sources */,
				35C96653284DF242006B022E /* MessageCellDelegate.swift in Sources */,
				35C96664284E1239006B022E /* RealmManager.swift in Sources */,
				3570BA1F2842698200F91FA8 /* SceneDelegate.swift in Sources */,
				35FF4D24284A25850020A27B /* ChatViewController.swift in Sources */,
				35C96655284DF256006B022E /* MessageDisplayDelegate.swift in Sources */,
				35C96657284DF374006B022E /* MessageLayoutDelegate.swift in Sources */,
				3558E61B2848F76600302625 /* StartChat.swift in Sources */,
				35EB074C2847E37600F8F51D /* Status.swift in Sources */,
				356A69132850FA2800E6A3D4 /* PhotoMS.swift in Sources */,
				3570BA362842766100F91FA8 /* FirebaseUserListener.swift in Sources */,
				35B0236E28535F9D0044A075 /* AddChannelTableViewController.swift in Sources */,
				35F511512846A4FE0056D65C /* GlobalFunctions.swift in Sources */,
				35EB075028481CCC00F8F51D /* UserTableViewCell.swift in Sources */,
				35F511532846B14E0056D65C /* Extensions.swift in Sources */,
				353826F42851FD770050AD13 /* VideoMS.swift in Sources */,
			);
			runOnlyForDeploymentPostprocessing = 0;
		};
/* End PBXSourcesBuildPhase section */

/* Begin PBXVariantGroup section */
		3570BA222842698200F91FA8 /* Main.storyboard */ = {
			isa = PBXVariantGroup;
			children = (
				3570BA232842698200F91FA8 /* Base */,
			);
			name = Main.storyboard;
			sourceTree = "<group>";
		};
		3570BA272842698300F91FA8 /* LaunchScreen.storyboard */ = {
			isa = PBXVariantGroup;
			children = (
				3570BA282842698300F91FA8 /* Base */,
			);
			name = LaunchScreen.storyboard;
			sourceTree = "<group>";
		};
/* End PBXVariantGroup section */

/* Begin XCBuildConfiguration section */
		3570BA2B2842698300F91FA8 /* Debug */ = {
			isa = XCBuildConfiguration;
			buildSettings = {
				ALWAYS_SEARCH_USER_PATHS = NO;
				CLANG_ANALYZER_NONNULL = YES;
				CLANG_ANALYZER_NUMBER_OBJECT_CONVERSION = YES_AGGRESSIVE;
				CLANG_CXX_LANGUAGE_STANDARD = "gnu++17";
				CLANG_ENABLE_MODULES = YES;
				CLANG_ENABLE_OBJC_ARC = YES;
				CLANG_ENABLE_OBJC_WEAK = YES;
				CLANG_WARN_BLOCK_CAPTURE_AUTORELEASING = YES;
				CLANG_WARN_BOOL_CONVERSION = YES;
				CLANG_WARN_COMMA = YES;
				CLANG_WARN_CONSTANT_CONVERSION = YES;
				CLANG_WARN_DEPRECATED_OBJC_IMPLEMENTATIONS = YES;
				CLANG_WARN_DIRECT_OBJC_ISA_USAGE = YES_ERROR;
				CLANG_WARN_DOCUMENTATION_COMMENTS = YES;
				CLANG_WARN_EMPTY_BODY = YES;
				CLANG_WARN_ENUM_CONVERSION = YES;
				CLANG_WARN_INFINITE_RECURSION = YES;
				CLANG_WARN_INT_CONVERSION = YES;
				CLANG_WARN_NON_LITERAL_NULL_CONVERSION = YES;
				CLANG_WARN_OBJC_IMPLICIT_RETAIN_SELF = YES;
				CLANG_WARN_OBJC_LITERAL_CONVERSION = YES;
				CLANG_WARN_OBJC_ROOT_CLASS = YES_ERROR;
				CLANG_WARN_QUOTED_INCLUDE_IN_FRAMEWORK_HEADER = YES;
				CLANG_WARN_RANGE_LOOP_ANALYSIS = YES;
				CLANG_WARN_STRICT_PROTOTYPES = YES;
				CLANG_WARN_SUSPICIOUS_MOVE = YES;
				CLANG_WARN_UNGUARDED_AVAILABILITY = YES_AGGRESSIVE;
				CLANG_WARN_UNREACHABLE_CODE = YES;
				CLANG_WARN__DUPLICATE_METHOD_MATCH = YES;
				COPY_PHASE_STRIP = NO;
				DEBUG_INFORMATION_FORMAT = dwarf;
				ENABLE_STRICT_OBJC_MSGSEND = YES;
				ENABLE_TESTABILITY = YES;
				GCC_C_LANGUAGE_STANDARD = gnu11;
				GCC_DYNAMIC_NO_PIC = NO;
				GCC_NO_COMMON_BLOCKS = YES;
				GCC_OPTIMIZATION_LEVEL = 0;
				GCC_PREPROCESSOR_DEFINITIONS = (
					"DEBUG=1",
					"$(inherited)",
				);
				GCC_WARN_64_TO_32_BIT_CONVERSION = YES;
				GCC_WARN_ABOUT_RETURN_TYPE = YES_ERROR;
				GCC_WARN_UNDECLARED_SELECTOR = YES;
				GCC_WARN_UNINITIALIZED_AUTOS = YES_AGGRESSIVE;
				GCC_WARN_UNUSED_FUNCTION = YES;
				GCC_WARN_UNUSED_VARIABLE = YES;
				IPHONEOS_DEPLOYMENT_TARGET = 15.5;
				MTL_ENABLE_DEBUG_INFO = INCLUDE_SOURCE;
				MTL_FAST_MATH = YES;
				ONLY_ACTIVE_ARCH = YES;
				SDKROOT = iphoneos;
				SWIFT_ACTIVE_COMPILATION_CONDITIONS = DEBUG;
				SWIFT_OPTIMIZATION_LEVEL = "-Onone";
			};
			name = Debug;
		};
		3570BA2C2842698300F91FA8 /* Release */ = {
			isa = XCBuildConfiguration;
			buildSettings = {
				ALWAYS_SEARCH_USER_PATHS = NO;
				CLANG_ANALYZER_NONNULL = YES;
				CLANG_ANALYZER_NUMBER_OBJECT_CONVERSION = YES_AGGRESSIVE;
				CLANG_CXX_LANGUAGE_STANDARD = "gnu++17";
				CLANG_ENABLE_MODULES = YES;
				CLANG_ENABLE_OBJC_ARC = YES;
				CLANG_ENABLE_OBJC_WEAK = YES;
				CLANG_WARN_BLOCK_CAPTURE_AUTORELEASING = YES;
				CLANG_WARN_BOOL_CONVERSION = YES;
				CLANG_WARN_COMMA = YES;
				CLANG_WARN_CONSTANT_CONVERSION = YES;
				CLANG_WARN_DEPRECATED_OBJC_IMPLEMENTATIONS = YES;
				CLANG_WARN_DIRECT_OBJC_ISA_USAGE = YES_ERROR;
				CLANG_WARN_DOCUMENTATION_COMMENTS = YES;
				CLANG_WARN_EMPTY_BODY = YES;
				CLANG_WARN_ENUM_CONVERSION = YES;
				CLANG_WARN_INFINITE_RECURSION = YES;
				CLANG_WARN_INT_CONVERSION = YES;
				CLANG_WARN_NON_LITERAL_NULL_CONVERSION = YES;
				CLANG_WARN_OBJC_IMPLICIT_RETAIN_SELF = YES;
				CLANG_WARN_OBJC_LITERAL_CONVERSION = YES;
				CLANG_WARN_OBJC_ROOT_CLASS = YES_ERROR;
				CLANG_WARN_QUOTED_INCLUDE_IN_FRAMEWORK_HEADER = YES;
				CLANG_WARN_RANGE_LOOP_ANALYSIS = YES;
				CLANG_WARN_STRICT_PROTOTYPES = YES;
				CLANG_WARN_SUSPICIOUS_MOVE = YES;
				CLANG_WARN_UNGUARDED_AVAILABILITY = YES_AGGRESSIVE;
				CLANG_WARN_UNREACHABLE_CODE = YES;
				CLANG_WARN__DUPLICATE_METHOD_MATCH = YES;
				COPY_PHASE_STRIP = NO;
				DEBUG_INFORMATION_FORMAT = "dwarf-with-dsym";
				ENABLE_NS_ASSERTIONS = NO;
				ENABLE_STRICT_OBJC_MSGSEND = YES;
				GCC_C_LANGUAGE_STANDARD = gnu11;
				GCC_NO_COMMON_BLOCKS = YES;
				GCC_WARN_64_TO_32_BIT_CONVERSION = YES;
				GCC_WARN_ABOUT_RETURN_TYPE = YES_ERROR;
				GCC_WARN_UNDECLARED_SELECTOR = YES;
				GCC_WARN_UNINITIALIZED_AUTOS = YES_AGGRESSIVE;
				GCC_WARN_UNUSED_FUNCTION = YES;
				GCC_WARN_UNUSED_VARIABLE = YES;
				IPHONEOS_DEPLOYMENT_TARGET = 15.5;
				MTL_ENABLE_DEBUG_INFO = NO;
				MTL_FAST_MATH = YES;
				SDKROOT = iphoneos;
				SWIFT_COMPILATION_MODE = wholemodule;
				SWIFT_OPTIMIZATION_LEVEL = "-O";
				VALIDATE_PRODUCT = YES;
			};
			name = Release;
		};
		3570BA2E2842698300F91FA8 /* Debug */ = {
			isa = XCBuildConfiguration;
			baseConfigurationReference = A624D055C76C893D8B9E3602 /* Pods-deChatProject.debug.xcconfig */;
			buildSettings = {
				ASSETCATALOG_COMPILER_APPICON_NAME = AppIcon;
				ASSETCATALOG_COMPILER_GLOBAL_ACCENT_COLOR_NAME = AccentColor;
				CODE_SIGN_STYLE = Automatic;
				CURRENT_PROJECT_VERSION = 1;
				DEVELOPMENT_TEAM = S2AWW5LH93;
				GENERATE_INFOPLIST_FILE = YES;
				INFOPLIST_FILE = deChatProject/Info.plist;
				INFOPLIST_KEY_NSAppleMusicUsageDescription = "$(PRODUCT_NAME) would like to use your media library";
				INFOPLIST_KEY_NSCameraUsageDescription = "$(PRODUCT_NAME) would like to use your camera";
				INFOPLIST_KEY_NSLocationWhenInUseUsageDescription = "$(PRODUCT_NAME) would like to use your location.";
				INFOPLIST_KEY_NSMicrophoneUsageDescription = "$(PRODUCT_NAME) would like to use your microphone.";
				INFOPLIST_KEY_NSPhotoLibraryUsageDescription = "$(PRODUCT_NAME) would like to use your photo library";
				INFOPLIST_KEY_UIApplicationSupportsIndirectInputEvents = YES;
				INFOPLIST_KEY_UILaunchStoryboardName = LaunchScreen;
				INFOPLIST_KEY_UIMainStoryboardFile = Main;
				INFOPLIST_KEY_UISupportedInterfaceOrientations_iPad = "UIInterfaceOrientationPortrait UIInterfaceOrientationPortraitUpsideDown UIInterfaceOrientationLandscapeLeft UIInterfaceOrientationLandscapeRight";
				INFOPLIST_KEY_UISupportedInterfaceOrientations_iPhone = "UIInterfaceOrientationPortrait UIInterfaceOrientationLandscapeLeft UIInterfaceOrientationLandscapeRight";
				LD_RUNPATH_SEARCH_PATHS = (
					"$(inherited)",
					"@executable_path/Frameworks",
				);
				MARKETING_VERSION = 1.0;
				PRODUCT_BUNDLE_IDENTIFIER = com.mdusa.deChatProject;
				PRODUCT_NAME = "$(TARGET_NAME)";
				SWIFT_EMIT_LOC_STRINGS = YES;
				SWIFT_VERSION = 5.0;
				TARGETED_DEVICE_FAMILY = "1,2";
			};
			name = Debug;
		};
		3570BA2F2842698300F91FA8 /* Release */ = {
			isa = XCBuildConfiguration;
			baseConfigurationReference = D33224FEFA9CC596CA0E11F2 /* Pods-deChatProject.release.xcconfig */;
			buildSettings = {
				ASSETCATALOG_COMPILER_APPICON_NAME = AppIcon;
				ASSETCATALOG_COMPILER_GLOBAL_ACCENT_COLOR_NAME = AccentColor;
				CODE_SIGN_STYLE = Automatic;
				CURRENT_PROJECT_VERSION = 1;
				DEVELOPMENT_TEAM = S2AWW5LH93;
				GENERATE_INFOPLIST_FILE = YES;
				INFOPLIST_FILE = deChatProject/Info.plist;
				INFOPLIST_KEY_NSAppleMusicUsageDescription = "$(PRODUCT_NAME) would like to use your media library";
				INFOPLIST_KEY_NSCameraUsageDescription = "$(PRODUCT_NAME) would like to use your camera";
				INFOPLIST_KEY_NSLocationWhenInUseUsageDescription = "$(PRODUCT_NAME) would like to use your location.";
				INFOPLIST_KEY_NSMicrophoneUsageDescription = "$(PRODUCT_NAME) would like to use your microphone.";
				INFOPLIST_KEY_NSPhotoLibraryUsageDescription = "$(PRODUCT_NAME) would like to use your photo library";
				INFOPLIST_KEY_UIApplicationSupportsIndirectInputEvents = YES;
				INFOPLIST_KEY_UILaunchStoryboardName = LaunchScreen;
				INFOPLIST_KEY_UIMainStoryboardFile = Main;
				INFOPLIST_KEY_UISupportedInterfaceOrientations_iPad = "UIInterfaceOrientationPortrait UIInterfaceOrientationPortraitUpsideDown UIInterfaceOrientationLandscapeLeft UIInterfaceOrientationLandscapeRight";
				INFOPLIST_KEY_UISupportedInterfaceOrientations_iPhone = "UIInterfaceOrientationPortrait UIInterfaceOrientationLandscapeLeft UIInterfaceOrientationLandscapeRight";
				LD_RUNPATH_SEARCH_PATHS = (
					"$(inherited)",
					"@executable_path/Frameworks",
				);
				MARKETING_VERSION = 1.0;
				PRODUCT_BUNDLE_IDENTIFIER = com.mdusa.deChatProject;
				PRODUCT_NAME = "$(TARGET_NAME)";
				SWIFT_EMIT_LOC_STRINGS = YES;
				SWIFT_VERSION = 5.0;
				TARGETED_DEVICE_FAMILY = "1,2";
			};
			name = Release;
		};
/* End XCBuildConfiguration section */

/* Begin XCConfigurationList section */
		3570BA142842698200F91FA8 /* Build configuration list for PBXProject "deChatProject" */ = {
			isa = XCConfigurationList;
			buildConfigurations = (
				3570BA2B2842698300F91FA8 /* Debug */,
				3570BA2C2842698300F91FA8 /* Release */,
			);
			defaultConfigurationIsVisible = 0;
			defaultConfigurationName = Release;
		};
		3570BA2D2842698300F91FA8 /* Build configuration list for PBXNativeTarget "deChatProject" */ = {
			isa = XCConfigurationList;
			buildConfigurations = (
				3570BA2E2842698300F91FA8 /* Debug */,
				3570BA2F2842698300F91FA8 /* Release */,
			);
			defaultConfigurationIsVisible = 0;
			defaultConfigurationName = Release;
		};
/* End XCConfigurationList section */
	};
	rootObject = 3570BA112842698200F91FA8 /* Project object */;
}
